// !$*UTF8*$!
{
	archiveVersion = 1;
	classes = {
	};
	objectVersion = 47;
	objects = {

/* Begin PBXBuildFile section */
		802A6FB71A0997690050FA46 /* CoreAudio.framework in Frameworks */ = {isa = PBXBuildFile; fileRef = 802A6FB61A0997690050FA46 /* CoreAudio.framework */; };
		CE59890C16B49693000FB4EE /* GVIntegerFormatter.m in Sources */ = {isa = PBXBuildFile; fileRef = CE59890B16B49693000FB4EE /* GVIntegerFormatter.m */; };
		CE6A1FD916B5AE4800FBB78F /* GVSolidBackgroundView.m in Sources */ = {isa = PBXBuildFile; fileRef = CE6A1FD816B5AE4800FBB78F /* GVSolidBackgroundView.m */; };
		CE6A1FDD16B5B45E00FBB78F /* GVConnectionFlagTransformer.m in Sources */ = {isa = PBXBuildFile; fileRef = CE6A1FDC16B5B45E00FBB78F /* GVConnectionFlagTransformer.m */; };
		CE6A1FE016B5C9FE00FBB78F /* GVConnectionStatusTransformer.m in Sources */ = {isa = PBXBuildFile; fileRef = CE6A1FDF16B5C9FE00FBB78F /* GVConnectionStatusTransformer.m */; };
		CE966E97169A007B0000E00A /* NetSendController.cpp in Sources */ = {isa = PBXBuildFile; fileRef = CE966E91169A007B0000E00A /* NetSendController.cpp */; };
		CE966E98169A007B0000E00A /* NetSendFactory.cpp in Sources */ = {isa = PBXBuildFile; fileRef = CE966E93169A007B0000E00A /* NetSendFactory.cpp */; };
		CE966E99169A007B0000E00A /* NetSendProcessor.cpp in Sources */ = {isa = PBXBuildFile; fileRef = CE966E94169A007B0000E00A /* NetSendProcessor.cpp */; };
		CE966E9A169A007B0000E00A /* VST3SDK.cpp in Sources */ = {isa = PBXBuildFile; fileRef = CE966E96169A007B0000E00A /* VST3SDK.cpp */; };
		CE966E9C169A16D00000E00A /* Cocoa.framework in Frameworks */ = {isa = PBXBuildFile; fileRef = CE0534521699F5690013307E /* Cocoa.framework */; };
		CE966EA0169A20580000E00A /* NetSendView.mm in Sources */ = {isa = PBXBuildFile; fileRef = CE966E9E169A20580000E00A /* NetSendView.mm */; };
		CE966F06169A2D310000E00A /* NetSendAU.cpp in Sources */ = {isa = PBXBuildFile; fileRef = CE966F04169A2D310000E00A /* NetSendAU.cpp */; };
		CE966F19169A32A70000E00A /* AudioUnit.framework in Frameworks */ = {isa = PBXBuildFile; fileRef = CE966F17169A32960000E00A /* AudioUnit.framework */; };
		CE966F1C169A33B20000E00A /* Utilities.cpp in Sources */ = {isa = PBXBuildFile; fileRef = CE966F1A169A33B10000E00A /* Utilities.cpp */; };
		CE966F28169A57610000E00A /* CAStreamBasicDescription.cpp in Sources */ = {isa = PBXBuildFile; fileRef = CE966F26169A57610000E00A /* CAStreamBasicDescription.cpp */; };
		CE966F2B169A5C480000E00A /* NetSendProcessorState.cpp in Sources */ = {isa = PBXBuildFile; fileRef = CE966F29169A5C470000E00A /* NetSendProcessorState.cpp */; };
		CE966F2E169A68380000E00A /* AUOutputBL.cpp in Sources */ = {isa = PBXBuildFile; fileRef = CE966F2C169A68380000E00A /* AUOutputBL.cpp */; };
		CE966F32169A98630000E00A /* AudioToolbox.framework in Frameworks */ = {isa = PBXBuildFile; fileRef = CE966F30169A985C0000E00A /* AudioToolbox.framework */; };
		D547B03216A436C1008D3B9C /* GVNetSendViewProxy.mm in Sources */ = {isa = PBXBuildFile; fileRef = D547B03116A436C1008D3B9C /* GVNetSendViewProxy.mm */; };
		D547B03516A4461F008D3B9C /* VST3NetSendView.xib in Resources */ = {isa = PBXBuildFile; fileRef = D547B03416A4461F008D3B9C /* VST3NetSendView.xib */; };
		D547B03916A449B6008D3B9C /* GVNetSendViewController.m in Sources */ = {isa = PBXBuildFile; fileRef = D547B03816A449B5008D3B9C /* GVNetSendViewController.m */; };
		D5B8CFA916AE9ACA00DA59DD /* GVNetSendModel.m in Sources */ = {isa = PBXBuildFile; fileRef = D5B8CFA816AE9ACA00DA59DD /* GVNetSendModel.m */; };
/* End PBXBuildFile section */

/* Begin PBXFileReference section */
		802A6FB61A0997690050FA46 /* CoreAudio.framework */ = {isa = PBXFileReference; lastKnownFileType = wrapper.framework; name = CoreAudio.framework; path = System/Library/Frameworks/CoreAudio.framework; sourceTree = SDKROOT; };
		CE05344F1699F5690013307E /* VST3NetSend.vst3 */ = {isa = PBXFileReference; explicitFileType = wrapper.cfbundle; includeInIndex = 0; path = VST3NetSend.vst3; sourceTree = BUILT_PRODUCTS_DIR; };
		CE0534521699F5690013307E /* Cocoa.framework */ = {isa = PBXFileReference; lastKnownFileType = wrapper.framework; name = Cocoa.framework; path = System/Library/Frameworks/Cocoa.framework; sourceTree = SDKROOT; };
		CE0534551699F5690013307E /* AppKit.framework */ = {isa = PBXFileReference; lastKnownFileType = wrapper.framework; name = AppKit.framework; path = System/Library/Frameworks/AppKit.framework; sourceTree = SDKROOT; };
		CE0534561699F5690013307E /* CoreData.framework */ = {isa = PBXFileReference; lastKnownFileType = wrapper.framework; name = CoreData.framework; path = System/Library/Frameworks/CoreData.framework; sourceTree = SDKROOT; };
		CE0534571699F5690013307E /* Foundation.framework */ = {isa = PBXFileReference; lastKnownFileType = wrapper.framework; name = Foundation.framework; path = System/Library/Frameworks/Foundation.framework; sourceTree = SDKROOT; };
		CE05345A1699F5690013307E /* VST3NetSend-Info.plist */ = {isa = PBXFileReference; lastKnownFileType = text.plist.xml; path = "VST3NetSend-Info.plist"; sourceTree = "<group>"; };
		CE05345E1699F5690013307E /* VST3NetSend-Prefix.h */ = {isa = PBXFileReference; lastKnownFileType = sourcecode.c.h; path = "VST3NetSend-Prefix.h"; sourceTree = "<group>"; };
		CE0534691699F6260013307E /* Project.xcconfig */ = {isa = PBXFileReference; lastKnownFileType = text.xcconfig; path = Project.xcconfig; sourceTree = "<group>"; };
		CE05346A1699F6330013307E /* Debug.xcconfig */ = {isa = PBXFileReference; lastKnownFileType = text.xcconfig; path = Debug.xcconfig; sourceTree = "<group>"; };
		CE05346B1699F6430013307E /* Release.xcconfig */ = {isa = PBXFileReference; lastKnownFileType = text.xcconfig; path = Release.xcconfig; sourceTree = "<group>"; };
		CE59890A16B49693000FB4EE /* GVIntegerFormatter.h */ = {isa = PBXFileReference; fileEncoding = 4; lastKnownFileType = sourcecode.c.h; path = GVIntegerFormatter.h; sourceTree = "<group>"; };
		CE59890B16B49693000FB4EE /* GVIntegerFormatter.m */ = {isa = PBXFileReference; fileEncoding = 4; lastKnownFileType = sourcecode.c.objc; path = GVIntegerFormatter.m; sourceTree = "<group>"; };
		CE6A1FD716B5AE4800FBB78F /* GVSolidBackgroundView.h */ = {isa = PBXFileReference; fileEncoding = 4; lastKnownFileType = sourcecode.c.h; path = GVSolidBackgroundView.h; sourceTree = "<group>"; };
		CE6A1FD816B5AE4800FBB78F /* GVSolidBackgroundView.m */ = {isa = PBXFileReference; fileEncoding = 4; lastKnownFileType = sourcecode.c.objc; path = GVSolidBackgroundView.m; sourceTree = "<group>"; };
		CE6A1FDB16B5B45E00FBB78F /* GVConnectionFlagTransformer.h */ = {isa = PBXFileReference; fileEncoding = 4; lastKnownFileType = sourcecode.c.h; path = GVConnectionFlagTransformer.h; sourceTree = "<group>"; };
		CE6A1FDC16B5B45E00FBB78F /* GVConnectionFlagTransformer.m */ = {isa = PBXFileReference; fileEncoding = 4; lastKnownFileType = sourcecode.c.objc; path = GVConnectionFlagTransformer.m; sourceTree = "<group>"; };
		CE6A1FDE16B5C9FE00FBB78F /* GVConnectionStatusTransformer.h */ = {isa = PBXFileReference; fileEncoding = 4; lastKnownFileType = sourcecode.c.h; path = GVConnectionStatusTransformer.h; sourceTree = "<group>"; };
		CE6A1FDF16B5C9FE00FBB78F /* GVConnectionStatusTransformer.m */ = {isa = PBXFileReference; fileEncoding = 4; lastKnownFileType = sourcecode.c.objc; path = GVConnectionStatusTransformer.m; sourceTree = "<group>"; };
		CE966E8B169A00090000E00A /* README.md */ = {isa = PBXFileReference; lastKnownFileType = text; path = README.md; sourceTree = "<group>"; };
		CE966E90169A007B0000E00A /* CommonDefinitions.h */ = {isa = PBXFileReference; fileEncoding = 4; lastKnownFileType = sourcecode.c.h; path = CommonDefinitions.h; sourceTree = "<group>"; };
		CE966E91169A007B0000E00A /* NetSendController.cpp */ = {isa = PBXFileReference; fileEncoding = 4; lastKnownFileType = sourcecode.cpp.cpp; path = NetSendController.cpp; sourceTree = "<group>"; };
		CE966E92169A007B0000E00A /* NetSendController.h */ = {isa = PBXFileReference; fileEncoding = 4; lastKnownFileType = sourcecode.c.h; path = NetSendController.h; sourceTree = "<group>"; };
		CE966E93169A007B0000E00A /* NetSendFactory.cpp */ = {isa = PBXFileReference; fileEncoding = 4; lastKnownFileType = sourcecode.cpp.cpp; path = NetSendFactory.cpp; sourceTree = "<group>"; };
		CE966E94169A007B0000E00A /* NetSendProcessor.cpp */ = {isa = PBXFileReference; fileEncoding = 4; lastKnownFileType = sourcecode.cpp.cpp; path = NetSendProcessor.cpp; sourceTree = "<group>"; };
		CE966E95169A007B0000E00A /* NetSendProcessor.h */ = {isa = PBXFileReference; fileEncoding = 4; lastKnownFileType = sourcecode.c.h; path = NetSendProcessor.h; sourceTree = "<group>"; };
		CE966E96169A007B0000E00A /* VST3SDK.cpp */ = {isa = PBXFileReference; fileEncoding = 4; lastKnownFileType = sourcecode.cpp.cpp; name = VST3SDK.cpp; path = src/VST3SDK.cpp; sourceTree = "<group>"; };
		CE966E9E169A20580000E00A /* NetSendView.mm */ = {isa = PBXFileReference; fileEncoding = 4; lastKnownFileType = sourcecode.cpp.objcpp; path = NetSendView.mm; sourceTree = "<group>"; };
		CE966E9F169A20580000E00A /* NetSendView.h */ = {isa = PBXFileReference; fileEncoding = 4; lastKnownFileType = sourcecode.c.h; path = NetSendView.h; sourceTree = "<group>"; };
		CE966F04169A2D310000E00A /* NetSendAU.cpp */ = {isa = PBXFileReference; fileEncoding = 4; lastKnownFileType = sourcecode.cpp.cpp; path = NetSendAU.cpp; sourceTree = "<group>"; };
		CE966F05169A2D310000E00A /* NetSendAU.h */ = {isa = PBXFileReference; fileEncoding = 4; lastKnownFileType = sourcecode.c.h; path = NetSendAU.h; sourceTree = "<group>"; };
		CE966F17169A32960000E00A /* AudioUnit.framework */ = {isa = PBXFileReference; lastKnownFileType = wrapper.framework; name = AudioUnit.framework; path = System/Library/Frameworks/AudioUnit.framework; sourceTree = SDKROOT; };
		CE966F1A169A33B10000E00A /* Utilities.cpp */ = {isa = PBXFileReference; fileEncoding = 4; lastKnownFileType = sourcecode.cpp.cpp; path = Utilities.cpp; sourceTree = "<group>"; };
		CE966F1B169A33B20000E00A /* Utilities.h */ = {isa = PBXFileReference; fileEncoding = 4; lastKnownFileType = sourcecode.c.h; path = Utilities.h; sourceTree = "<group>"; };
		CE966F26169A57610000E00A /* CAStreamBasicDescription.cpp */ = {isa = PBXFileReference; fileEncoding = 4; lastKnownFileType = sourcecode.cpp.cpp; name = CAStreamBasicDescription.cpp; path = PublicUtility/CAStreamBasicDescription.cpp; sourceTree = "<group>"; };
		CE966F27169A57610000E00A /* CAStreamBasicDescription.h */ = {isa = PBXFileReference; fileEncoding = 4; lastKnownFileType = sourcecode.c.h; name = CAStreamBasicDescription.h; path = PublicUtility/CAStreamBasicDescription.h; sourceTree = "<group>"; };
		CE966F29169A5C470000E00A /* NetSendProcessorState.cpp */ = {isa = PBXFileReference; fileEncoding = 4; lastKnownFileType = sourcecode.cpp.cpp; path = NetSendProcessorState.cpp; sourceTree = "<group>"; };
		CE966F2A169A5C470000E00A /* NetSendProcessorState.h */ = {isa = PBXFileReference; fileEncoding = 4; lastKnownFileType = sourcecode.c.h; path = NetSendProcessorState.h; sourceTree = "<group>"; };
		CE966F2C169A68380000E00A /* AUOutputBL.cpp */ = {isa = PBXFileReference; fileEncoding = 4; lastKnownFileType = sourcecode.cpp.cpp; name = AUOutputBL.cpp; path = PublicUtility/AUOutputBL.cpp; sourceTree = "<group>"; };
		CE966F2D169A68380000E00A /* AUOutputBL.h */ = {isa = PBXFileReference; fileEncoding = 4; lastKnownFileType = sourcecode.c.h; name = AUOutputBL.h; path = PublicUtility/AUOutputBL.h; sourceTree = "<group>"; };
		CE966F30169A985C0000E00A /* AudioToolbox.framework */ = {isa = PBXFileReference; lastKnownFileType = wrapper.framework; name = AudioToolbox.framework; path = System/Library/Frameworks/AudioToolbox.framework; sourceTree = SDKROOT; };
		D547B03016A436C1008D3B9C /* GVNetSendViewProxy.h */ = {isa = PBXFileReference; fileEncoding = 4; lastKnownFileType = sourcecode.c.h; path = GVNetSendViewProxy.h; sourceTree = "<group>"; };
		D547B03116A436C1008D3B9C /* GVNetSendViewProxy.mm */ = {isa = PBXFileReference; fileEncoding = 4; lastKnownFileType = sourcecode.cpp.objcpp; path = GVNetSendViewProxy.mm; sourceTree = "<group>"; };
		D547B03416A4461F008D3B9C /* VST3NetSendView.xib */ = {isa = PBXFileReference; fileEncoding = 4; lastKnownFileType = file.xib; path = VST3NetSendView.xib; sourceTree = "<group>"; };
		D547B03716A449B5008D3B9C /* GVNetSendViewController.h */ = {isa = PBXFileReference; fileEncoding = 4; lastKnownFileType = sourcecode.c.h; path = GVNetSendViewController.h; sourceTree = "<group>"; };
		D547B03816A449B5008D3B9C /* GVNetSendViewController.m */ = {isa = PBXFileReference; fileEncoding = 4; lastKnownFileType = sourcecode.c.objc; path = GVNetSendViewController.m; sourceTree = "<group>"; };
		D5B8CFA716AE9ACA00DA59DD /* GVNetSendModel.h */ = {isa = PBXFileReference; fileEncoding = 4; lastKnownFileType = sourcecode.c.h; path = GVNetSendModel.h; sourceTree = "<group>"; };
		D5B8CFA816AE9ACA00DA59DD /* GVNetSendModel.m */ = {isa = PBXFileReference; fileEncoding = 4; lastKnownFileType = sourcecode.c.objc; path = GVNetSendModel.m; sourceTree = "<group>"; };
/* End PBXFileReference section */

/* Begin PBXFrameworksBuildPhase section */
		CE05344C1699F5690013307E /* Frameworks */ = {
			isa = PBXFrameworksBuildPhase;
			buildActionMask = 2147483647;
			files = (
				802A6FB71A0997690050FA46 /* CoreAudio.framework in Frameworks */,
				CE966E9C169A16D00000E00A /* Cocoa.framework in Frameworks */,
				CE966F19169A32A70000E00A /* AudioUnit.framework in Frameworks */,
				CE966F32169A98630000E00A /* AudioToolbox.framework in Frameworks */,
			);
			runOnlyForDeploymentPostprocessing = 0;
		};
/* End PBXFrameworksBuildPhase section */

/* Begin PBXGroup section */
		CE0534441699F5690013307E = {
			isa = PBXGroup;
			children = (
				CE966E8B169A00090000E00A /* README.md */,
				D5B94EF6169ED03F0042DB88 /* SDKs */,
				CE0534681699F6030013307E /* conf */,
				CE0534581699F5690013307E /* src */,
				D547B03616A44637008D3B9C /* resources */,
				CE0534591699F5690013307E /* Supporting Files */,
				CE0534511699F5690013307E /* Frameworks */,
				CE0534501699F5690013307E /* Products */,
			);
			sourceTree = "<group>";
		};
		CE0534501699F5690013307E /* Products */ = {
			isa = PBXGroup;
			children = (
				CE05344F1699F5690013307E /* VST3NetSend.vst3 */,
			);
			name = Products;
			sourceTree = "<group>";
		};
		CE0534511699F5690013307E /* Frameworks */ = {
			isa = PBXGroup;
			children = (
				802A6FB61A0997690050FA46 /* CoreAudio.framework */,
				CE966F30169A985C0000E00A /* AudioToolbox.framework */,
				CE966F17169A32960000E00A /* AudioUnit.framework */,
				CE0534521699F5690013307E /* Cocoa.framework */,
				CE0534551699F5690013307E /* AppKit.framework */,
				CE0534561699F5690013307E /* CoreData.framework */,
				CE0534571699F5690013307E /* Foundation.framework */,
			);
			name = Frameworks;
			sourceTree = "<group>";
		};
		CE0534581699F5690013307E /* src */ = {
			isa = PBXGroup;
			children = (
				CE966E90169A007B0000E00A /* CommonDefinitions.h */,
				CE966F1A169A33B10000E00A /* Utilities.cpp */,
				CE966F1B169A33B20000E00A /* Utilities.h */,
				CE966E93169A007B0000E00A /* NetSendFactory.cpp */,
				CE966E94169A007B0000E00A /* NetSendProcessor.cpp */,
				CE966E95169A007B0000E00A /* NetSendProcessor.h */,
				CE966F29169A5C470000E00A /* NetSendProcessorState.cpp */,
				CE966F2A169A5C470000E00A /* NetSendProcessorState.h */,
				CE966F04169A2D310000E00A /* NetSendAU.cpp */,
				CE966F05169A2D310000E00A /* NetSendAU.h */,
				CE966E91169A007B0000E00A /* NetSendController.cpp */,
				CE966E92169A007B0000E00A /* NetSendController.h */,
				CE966E9F169A20580000E00A /* NetSendView.h */,
				CE966E9E169A20580000E00A /* NetSendView.mm */,
				D547B03016A436C1008D3B9C /* GVNetSendViewProxy.h */,
				D547B03116A436C1008D3B9C /* GVNetSendViewProxy.mm */,
				D547B03716A449B5008D3B9C /* GVNetSendViewController.h */,
				D547B03816A449B5008D3B9C /* GVNetSendViewController.m */,
				D5B8CFA716AE9ACA00DA59DD /* GVNetSendModel.h */,
				D5B8CFA816AE9ACA00DA59DD /* GVNetSendModel.m */,
				CE59890A16B49693000FB4EE /* GVIntegerFormatter.h */,
				CE59890B16B49693000FB4EE /* GVIntegerFormatter.m */,
				CE6A1FD716B5AE4800FBB78F /* GVSolidBackgroundView.h */,
				CE6A1FD816B5AE4800FBB78F /* GVSolidBackgroundView.m */,
				CE6A1FDB16B5B45E00FBB78F /* GVConnectionFlagTransformer.h */,
				CE6A1FDC16B5B45E00FBB78F /* GVConnectionFlagTransformer.m */,
				CE6A1FDE16B5C9FE00FBB78F /* GVConnectionStatusTransformer.h */,
				CE6A1FDF16B5C9FE00FBB78F /* GVConnectionStatusTransformer.m */,
			);
			path = src;
			sourceTree = "<group>";
		};
		CE0534591699F5690013307E /* Supporting Files */ = {
			isa = PBXGroup;
			children = (
				CE05345A1699F5690013307E /* VST3NetSend-Info.plist */,
				CE05345E1699F5690013307E /* VST3NetSend-Prefix.h */,
			);
			name = "Supporting Files";
			path = VST3NetSend;
			sourceTree = "<group>";
		};
		CE0534681699F6030013307E /* conf */ = {
			isa = PBXGroup;
			children = (
				CE0534691699F6260013307E /* Project.xcconfig */,
				CE05346A1699F6330013307E /* Debug.xcconfig */,
				CE05346B1699F6430013307E /* Release.xcconfig */,
			);
			path = conf;
			sourceTree = "<group>";
		};
		CE84AA9E169B7A02006E4780 /* VST3 SDK */ = {
			isa = PBXGroup;
			children = (
				CE966E96169A007B0000E00A /* VST3SDK.cpp */,
			);
			name = "VST3 SDK";
			sourceTree = "<group>";
		};
		CE966F25169A573D0000E00A /* Core Audio SDK */ = {
			isa = PBXGroup;
			children = (
				CE966F2C169A68380000E00A /* AUOutputBL.cpp */,
				CE966F2D169A68380000E00A /* AUOutputBL.h */,
				CE966F26169A57610000E00A /* CAStreamBasicDescription.cpp */,
				CE966F27169A57610000E00A /* CAStreamBasicDescription.h */,
			);
			name = "Core Audio SDK";
			sourceTree = GV_COREAUDIO_SDK;
		};
		D547B03616A44637008D3B9C /* resources */ = {
			isa = PBXGroup;
			children = (
				D547B03416A4461F008D3B9C /* VST3NetSendView.xib */,
			);
			path = resources;
			sourceTree = "<group>";
		};
		D5B94EF6169ED03F0042DB88 /* SDKs */ = {
			isa = PBXGroup;
			children = (
				CE966F25169A573D0000E00A /* Core Audio SDK */,
				CE84AA9E169B7A02006E4780 /* VST3 SDK */,
			);
			name = SDKs;
			sourceTree = "<group>";
		};
/* End PBXGroup section */

/* Begin PBXNativeTarget section */
		CE05344E1699F5690013307E /* VST3NetSend */ = {
			isa = PBXNativeTarget;
			buildConfigurationList = CE0534611699F5690013307E /* Build configuration list for PBXNativeTarget "VST3NetSend" */;
			buildPhases = (
				CE05344B1699F5690013307E /* Sources */,
				CE05344C1699F5690013307E /* Frameworks */,
				CE05344D1699F5690013307E /* Resources */,
			);
			buildRules = (
			);
			dependencies = (
			);
			name = VST3NetSend;
			productName = VST3NetSend;
			productReference = CE05344F1699F5690013307E /* VST3NetSend.vst3 */;
			productType = "com.apple.product-type.bundle";
		};
/* End PBXNativeTarget section */

/* Begin PBXProject section */
		CE0534461699F5690013307E /* Project object */ = {
			isa = PBXProject;
			attributes = {
				CLASSPREFIX = GV;
				LastUpgradeCheck = 0710;
				ORGANIZATIONNAME = "Vlad Gorlov";
			};
			buildConfigurationList = CE0534491699F5690013307E /* Build configuration list for PBXProject "VST3NetSend" */;
			compatibilityVersion = "Xcode 6.3";
			developmentRegion = English;
			hasScannedForEncodings = 0;
			knownRegions = (
				en,
			);
			mainGroup = CE0534441699F5690013307E;
			productRefGroup = CE0534501699F5690013307E /* Products */;
			projectDirPath = "";
			projectRoot = "";
			targets = (
				CE05344E1699F5690013307E /* VST3NetSend */,
			);
		};
/* End PBXProject section */

/* Begin PBXResourcesBuildPhase section */
		CE05344D1699F5690013307E /* Resources */ = {
			isa = PBXResourcesBuildPhase;
			buildActionMask = 2147483647;
			files = (
				D547B03516A4461F008D3B9C /* VST3NetSendView.xib in Resources */,
			);
			runOnlyForDeploymentPostprocessing = 0;
		};
/* End PBXResourcesBuildPhase section */

/* Begin PBXSourcesBuildPhase section */
		CE05344B1699F5690013307E /* Sources */ = {
			isa = PBXSourcesBuildPhase;
			buildActionMask = 2147483647;
			files = (
				CE966E97169A007B0000E00A /* NetSendController.cpp in Sources */,
				CE966E98169A007B0000E00A /* NetSendFactory.cpp in Sources */,
				CE966E99169A007B0000E00A /* NetSendProcessor.cpp in Sources */,
				CE966EA0169A20580000E00A /* NetSendView.mm in Sources */,
				CE966F06169A2D310000E00A /* NetSendAU.cpp in Sources */,
				CE966F1C169A33B20000E00A /* Utilities.cpp in Sources */,
				CE966F2B169A5C480000E00A /* NetSendProcessorState.cpp in Sources */,
				D547B03216A436C1008D3B9C /* GVNetSendViewProxy.mm in Sources */,
				D547B03916A449B6008D3B9C /* GVNetSendViewController.m in Sources */,
				D5B8CFA916AE9ACA00DA59DD /* GVNetSendModel.m in Sources */,
				CE59890C16B49693000FB4EE /* GVIntegerFormatter.m in Sources */,
				CE6A1FD916B5AE4800FBB78F /* GVSolidBackgroundView.m in Sources */,
				CE6A1FDD16B5B45E00FBB78F /* GVConnectionFlagTransformer.m in Sources */,
				CE6A1FE016B5C9FE00FBB78F /* GVConnectionStatusTransformer.m in Sources */,
				CE966E9A169A007B0000E00A /* VST3SDK.cpp in Sources */,
				CE966F28169A57610000E00A /* CAStreamBasicDescription.cpp in Sources */,
				CE966F2E169A68380000E00A /* AUOutputBL.cpp in Sources */,
			);
			runOnlyForDeploymentPostprocessing = 0;
		};
/* End PBXSourcesBuildPhase section */

/* Begin XCBuildConfiguration section */
		CE05345F1699F5690013307E /* Debug */ = {
			isa = XCBuildConfiguration;
			baseConfigurationReference = CE0534691699F6260013307E /* Project.xcconfig */;
			buildSettings = {
				ENABLE_TESTABILITY = YES;
				GCC_NO_COMMON_BLOCKS = YES;
				ONLY_ACTIVE_ARCH = YES;
			};
			name = Debug;
		};
		CE0534601699F5690013307E /* Release */ = {
			isa = XCBuildConfiguration;
			baseConfigurationReference = CE0534691699F6260013307E /* Project.xcconfig */;
			buildSettings = {
				GCC_NO_COMMON_BLOCKS = YES;
			};
			name = Release;
		};
		CE0534621699F5690013307E /* Debug */ = {
			isa = XCBuildConfiguration;
			baseConfigurationReference = CE05346A1699F6330013307E /* Debug.xcconfig */;
			buildSettings = {
				PRODUCT_BUNDLE_IDENTIFIER = "${GV_BUNDLE_ID}";
			};
			name = Debug;
		};
		CE0534631699F5690013307E /* Release */ = {
			isa = XCBuildConfiguration;
			baseConfigurationReference = CE05346B1699F6430013307E /* Release.xcconfig */;
			buildSettings = {
				PRODUCT_BUNDLE_IDENTIFIER = "${GV_BUNDLE_ID}";
			};
			name = Release;
		};
/* End XCBuildConfiguration section */

/* Begin XCConfigurationList section */
		CE0534491699F5690013307E /* Build configuration list for PBXProject "VST3NetSend" */ = {
			isa = XCConfigurationList;
			buildConfigurations = (
				CE05345F1699F5690013307E /* Debug */,
				CE0534601699F5690013307E /* Release */,
			);
			defaultConfigurationIsVisible = 0;
			defaultConfigurationName = Release;
		};
		CE0534611699F5690013307E /* Build configuration list for PBXNativeTarget "VST3NetSend" */ = {
			isa = XCConfigurationList;
			buildConfigurations = (
				CE0534621699F5690013307E /* Debug */,
				CE0534631699F5690013307E /* Release */,
			);
			defaultConfigurationIsVisible = 0;
			defaultConfigurationName = Release;
		};
/* End XCConfigurationList section */
	};
	rootObject = CE0534461699F5690013307E /* Project object */;
}
