// !$*UTF8*$!
{
	archiveVersion = 1;
	classes = {
	};
	objectVersion = 52;
	objects = {

/* Begin PBXBuildFile section */
		80E37AE6238B363800B23015 /* VST3NetSendShared in Frameworks */ = {isa = PBXBuildFile; productRef = 80E37AE5238B363800B23015 /* VST3NetSendShared */; };
		BF_081F4CBF1005BC8AA3CA4CD23BABE643 /* NetSendView.swift in Sources */ = {isa = PBXBuildFile; fileRef = FR_FE807BF36CC3EE3373BBDBE5F9AEB16A /* NetSendView.swift */; };
		BF_23BD009028421075E93FD0F701E0745B /* NetSendProcessSetup.swift in Sources */ = {isa = PBXBuildFile; fileRef = FR_1F65684AD5B2FD6582DBAC63167CE51E /* NetSendProcessSetup.swift */; };
		BF_299DE7FBEFA25E0FEA9BCD3C09C9C197 /* VST3SDK.cpp in Sources */ = {isa = PBXBuildFile; fileRef = FR_D029788E708BF27957B3DC81656DB49A /* VST3SDK.cpp */; };
		BF_2FFD252E53D2FFA3446EC0E76779E0FC /* ConnectionStatusValueTransformer.swift in Sources */ = {isa = PBXBuildFile; fileRef = FR_EFB546C11CD3CDE84C8C41FBA6307BFE /* ConnectionStatusValueTransformer.swift */; };
		BF_397586AFBBB996FDDFC49FE0FCB20901 /* NetSendViewModel.swift in Sources */ = {isa = PBXBuildFile; fileRef = FR_357DB998B193A256D41282566FF7E97C /* NetSendViewModel.swift */; };
		BF_43B789B3204826AC0E49A1C10E3BF79D /* NetSendView.h in Headers */ = {isa = PBXBuildFile; fileRef = FR_DFAC4BA8A9E0CA5612ECD02D123C1589 /* NetSendView.h */; settings = {ATTRIBUTES = (Public, ); }; };
		BF_4B10735AF269C3973A613BA076606521 /* NetSendProcessorState.h in Headers */ = {isa = PBXBuildFile; fileRef = FR_D6E0A4AAA23B4465D1BC41C86D38B753 /* NetSendProcessorState.h */; settings = {ATTRIBUTES = (Public, ); }; };
		BF_4B57F2D859468836F1646D2BD0B13312 /* ConnectionFlagValueTransformer.swift in Sources */ = {isa = PBXBuildFile; fileRef = FR_2C3EF0CE1DE13EFAEF0358E5CD1657F9 /* ConnectionFlagValueTransformer.swift */; };
		BF_4C6B6D04B82E933C748BEE313D8F54B1 /* NetSendView.mm in Sources */ = {isa = PBXBuildFile; fileRef = FR_DDBBF3462E439F29BA94027ACC3864F6 /* NetSendView.mm */; };
		BF_570462520EE819E9DEB831B90906EF0D /* NetSendController.cpp in Sources */ = {isa = PBXBuildFile; fileRef = FR_2A7FC3BCFD86E2D33FC50EC57680EC88 /* NetSendController.cpp */; };
		BF_5D8E8EF1550F9B62F627D0CE2C03FDCF /* NetSendController.h in Headers */ = {isa = PBXBuildFile; fileRef = FR_4892482E417FBA8FFAA7F2FA405815B5 /* NetSendController.h */; settings = {ATTRIBUTES = (Public, ); }; };
		BF_64B08D27E75112D9B506AB89BF217D7A /* NetSendProcessor.h in Headers */ = {isa = PBXBuildFile; fileRef = FR_DD53756926039DE07C6A6C7791964726 /* NetSendProcessor.h */; settings = {ATTRIBUTES = (Public, ); }; };
		BF_6BC9C76AC696C88CF74F662BCCF3A586 /* AudioUnitSettings.swift in Sources */ = {isa = PBXBuildFile; fileRef = FR_82381BDDD7D944FCD0AD2F8293621155 /* AudioUnitSettings.swift */; };
		BF_70BAA9C76FDD9B2C97C3CE21EA7FD9A2 /* Logger.swift in Sources */ = {isa = PBXBuildFile; fileRef = FR_115B0B1A5732DD6E432FEDED1EBCBC18 /* Logger.swift */; };
		BF_74F63FEF33E2594AA0067B26AC483EC1 /* NetSendAU.swift in Sources */ = {isa = PBXBuildFile; fileRef = FR_D107980A09C2FE7C1795055E762B630D /* NetSendAU.swift */; };
		BF_784D156AD5D780CE58F6BBB21A5F5B6A /* NetSendViewController.swift in Sources */ = {isa = PBXBuildFile; fileRef = FR_9D9A5150FBD02F2354C80486E8AE3085 /* NetSendViewController.swift */; };
		BF_A75194A5D64195F752EBE7F99378FA9C /* NetSendParameter.swift in Sources */ = {isa = PBXBuildFile; fileRef = FR_CAB1CAD80D8FF9958B756ECFC8DD3B48 /* NetSendParameter.swift */; };
		BF_A951B89D2CE781C5C66278A75820B9F2 /* NetSendProcessor.mm in Sources */ = {isa = PBXBuildFile; fileRef = FR_3F51906CE06544D3962A75E5BF82EB62 /* NetSendProcessor.mm */; };
		BF_B67ADC457B044BBD68E681AADFD23D63 /* NetSendFactory.cpp in Sources */ = {isa = PBXBuildFile; fileRef = FR_DEF2BCB61DAD4F832FD7004CBC255E29 /* NetSendFactory.cpp */; };
		BF_BBACCFB1A9175A95431B74BDC2BDDAF1 /* NetSendParameters.h in Headers */ = {isa = PBXBuildFile; fileRef = FR_00C3BCCE9285999BFB1DEB4A452D07FC /* NetSendParameters.h */; settings = {ATTRIBUTES = (Public, ); }; };
		BF_BF165BBBD4B0DD745E85180D92BEBCE9 /* NetSendProcessorState.cpp in Sources */ = {isa = PBXBuildFile; fileRef = FR_DE9941EE561986DAF833FEE54943B1F0 /* NetSendProcessorState.cpp */; };
		BF_D359BB48383F84F9D7FCCD7191089EC4 /* VST3NetSendKit.framework in Frameworks */ = {isa = PBXBuildFile; fileRef = FR_D6F3D685F76402720A8F31BC1560FFAB /* VST3NetSendKit.framework */; };
		BF_E400CE77FB21A6010F69DF1494B10348 /* VST3NetSendKit.h in Headers */ = {isa = PBXBuildFile; fileRef = FR_7D553552484BDD6561BE3620AF2A393B /* VST3NetSendKit.h */; settings = {ATTRIBUTES = (Public, ); }; };
		BF_F223DADA1286607A13F92E453012C0EB /* Prefix.h in Headers */ = {isa = PBXBuildFile; fileRef = FR_204A3161447D379F6E8B258C9BFD3210 /* Prefix.h */; settings = {ATTRIBUTES = (Public, ); }; };
		BF_FBF09651FD28ADAB61D0E9892B2B7C70 /* AudioComponentDescription.swift in Sources */ = {isa = PBXBuildFile; fileRef = FR_A6A1184578009E1E15ABAD4946C0772D /* AudioComponentDescription.swift */; };
/* End PBXBuildFile section */

/* Begin PBXContainerItemProxy section */
		CIP_346B2EFA20E2767104C6A1CD0D083600 /* PBXContainerItemProxy */ = {
			isa = PBXContainerItemProxy;
			containerPortal = P_4072110F23C6E8A277091112F37E579C /* Project object */;
			proxyType = 1;
			remoteGlobalIDString = NT_0A42EA35381E2A25F216A49C0655721F;
			remoteInfo = "VST3NetSendKit-macOS";
		};
/* End PBXContainerItemProxy section */

/* Begin PBXFileReference section */
		80E37AE2238B35D000B23015 /* Dependencies */ = {isa = PBXFileReference; lastKnownFileType = folder; path = Dependencies; sourceTree = "<group>"; };
		80E37AE9238B37A200B23015 /* Common.xcconfig */ = {isa = PBXFileReference; lastKnownFileType = text.xcconfig; path = Common.xcconfig; sourceTree = "<group>"; };
		80E37AEA238B37A200B23015 /* Framework-macOS.xcconfig */ = {isa = PBXFileReference; lastKnownFileType = text.xcconfig; path = "Framework-macOS.xcconfig"; sourceTree = "<group>"; };
		FR_00C3BCCE9285999BFB1DEB4A452D07FC /* NetSendParameters.h */ = {isa = PBXFileReference; explicitFileType = sourcecode.c.h; path = NetSendParameters.h; sourceTree = "<group>"; };
		FR_115B0B1A5732DD6E432FEDED1EBCBC18 /* Logger.swift */ = {isa = PBXFileReference; explicitFileType = sourcecode.swift; path = Logger.swift; sourceTree = "<group>"; };
		FR_1F65684AD5B2FD6582DBAC63167CE51E /* NetSendProcessSetup.swift */ = {isa = PBXFileReference; explicitFileType = sourcecode.swift; path = NetSendProcessSetup.swift; sourceTree = "<group>"; };
		FR_204A3161447D379F6E8B258C9BFD3210 /* Prefix.h */ = {isa = PBXFileReference; explicitFileType = sourcecode.c.h; path = Prefix.h; sourceTree = "<group>"; };
		FR_2A7FC3BCFD86E2D33FC50EC57680EC88 /* NetSendController.cpp */ = {isa = PBXFileReference; lastKnownFileType = sourcecode.cpp.cpp; path = NetSendController.cpp; sourceTree = "<group>"; };
		FR_2C3EF0CE1DE13EFAEF0358E5CD1657F9 /* ConnectionFlagValueTransformer.swift */ = {isa = PBXFileReference; explicitFileType = sourcecode.swift; path = ConnectionFlagValueTransformer.swift; sourceTree = "<group>"; };
		FR_357DB998B193A256D41282566FF7E97C /* NetSendViewModel.swift */ = {isa = PBXFileReference; explicitFileType = sourcecode.swift; path = NetSendViewModel.swift; sourceTree = "<group>"; };
		FR_3A6F1770F2E3B515678435543C0C190C /* Project.xcconfig */ = {isa = PBXFileReference; explicitFileType = text.xcconfig; path = Project.xcconfig; sourceTree = "<group>"; };
		FR_3F51906CE06544D3962A75E5BF82EB62 /* NetSendProcessor.mm */ = {isa = PBXFileReference; lastKnownFileType = sourcecode.cpp.objcpp; path = NetSendProcessor.mm; sourceTree = "<group>"; };
		FR_4892482E417FBA8FFAA7F2FA405815B5 /* NetSendController.h */ = {isa = PBXFileReference; explicitFileType = sourcecode.c.h; path = NetSendController.h; sourceTree = "<group>"; };
		FR_6EBE5A61E1BDC89E6F19D02EC0592357 /* VST3NetSend.vst3 */ = {isa = PBXFileReference; explicitFileType = wrapper.cfbundle; includeInIndex = 0; path = VST3NetSend.vst3; sourceTree = BUILT_PRODUCTS_DIR; };
		FR_77917ED78AB9C1C0BFA50D014E347FC3 /* Version.xcconfig */ = {isa = PBXFileReference; explicitFileType = text.xcconfig; path = Version.xcconfig; sourceTree = "<group>"; };
		FR_7D553552484BDD6561BE3620AF2A393B /* VST3NetSendKit.h */ = {isa = PBXFileReference; explicitFileType = sourcecode.c.h; path = VST3NetSendKit.h; sourceTree = "<group>"; };
		FR_82381BDDD7D944FCD0AD2F8293621155 /* AudioUnitSettings.swift */ = {isa = PBXFileReference; explicitFileType = sourcecode.swift; path = AudioUnitSettings.swift; sourceTree = "<group>"; };
		FR_9D9A5150FBD02F2354C80486E8AE3085 /* NetSendViewController.swift */ = {isa = PBXFileReference; explicitFileType = sourcecode.swift; path = NetSendViewController.swift; sourceTree = "<group>"; };
		FR_A6A1184578009E1E15ABAD4946C0772D /* AudioComponentDescription.swift */ = {isa = PBXFileReference; explicitFileType = sourcecode.swift; path = AudioComponentDescription.swift; sourceTree = "<group>"; };
		FR_CAB1CAD80D8FF9958B756ECFC8DD3B48 /* NetSendParameter.swift */ = {isa = PBXFileReference; explicitFileType = sourcecode.swift; path = NetSendParameter.swift; sourceTree = "<group>"; };
		FR_D029788E708BF27957B3DC81656DB49A /* VST3SDK.cpp */ = {isa = PBXFileReference; lastKnownFileType = sourcecode.cpp.cpp; path = VST3SDK.cpp; sourceTree = "<group>"; };
		FR_D107980A09C2FE7C1795055E762B630D /* NetSendAU.swift */ = {isa = PBXFileReference; explicitFileType = sourcecode.swift; path = NetSendAU.swift; sourceTree = "<group>"; };
		FR_D6E0A4AAA23B4465D1BC41C86D38B753 /* NetSendProcessorState.h */ = {isa = PBXFileReference; explicitFileType = sourcecode.c.h; path = NetSendProcessorState.h; sourceTree = "<group>"; };
		FR_D6F3D685F76402720A8F31BC1560FFAB /* VST3NetSendKit.framework */ = {isa = PBXFileReference; explicitFileType = wrapper.framework; includeInIndex = 0; path = VST3NetSendKit.framework; sourceTree = BUILT_PRODUCTS_DIR; };
		FR_DD53756926039DE07C6A6C7791964726 /* NetSendProcessor.h */ = {isa = PBXFileReference; explicitFileType = sourcecode.c.h; path = NetSendProcessor.h; sourceTree = "<group>"; };
		FR_DDBBF3462E439F29BA94027ACC3864F6 /* NetSendView.mm */ = {isa = PBXFileReference; lastKnownFileType = sourcecode.cpp.objcpp; path = NetSendView.mm; sourceTree = "<group>"; };
		FR_DE9941EE561986DAF833FEE54943B1F0 /* NetSendProcessorState.cpp */ = {isa = PBXFileReference; lastKnownFileType = sourcecode.cpp.cpp; path = NetSendProcessorState.cpp; sourceTree = "<group>"; };
		FR_DEF2BCB61DAD4F832FD7004CBC255E29 /* NetSendFactory.cpp */ = {isa = PBXFileReference; lastKnownFileType = sourcecode.cpp.cpp; path = NetSendFactory.cpp; sourceTree = "<group>"; };
		FR_DFAC4BA8A9E0CA5612ECD02D123C1589 /* NetSendView.h */ = {isa = PBXFileReference; explicitFileType = sourcecode.c.h; path = NetSendView.h; sourceTree = "<group>"; };
		FR_EFB546C11CD3CDE84C8C41FBA6307BFE /* ConnectionStatusValueTransformer.swift */ = {isa = PBXFileReference; explicitFileType = sourcecode.swift; path = ConnectionStatusValueTransformer.swift; sourceTree = "<group>"; };
		FR_FE807BF36CC3EE3373BBDBE5F9AEB16A /* NetSendView.swift */ = {isa = PBXFileReference; explicitFileType = sourcecode.swift; path = NetSendView.swift; sourceTree = "<group>"; };
/* End PBXFileReference section */

/* Begin PBXFrameworksBuildPhase section */
		80E37AE3238B363300B23015 /* Frameworks */ = {
			isa = PBXFrameworksBuildPhase;
			buildActionMask = 2147483647;
			files = (
				80E37AE6238B363800B23015 /* VST3NetSendShared in Frameworks */,
			);
			runOnlyForDeploymentPostprocessing = 0;
		};
		FBP_414050459EA6E22F21CA3F2FBF037B37 /* Frameworks */ = {
			isa = PBXFrameworksBuildPhase;
			buildActionMask = 2147483647;
			files = (
				BF_D359BB48383F84F9D7FCCD7191089EC4 /* VST3NetSendKit.framework in Frameworks */,
			);
			runOnlyForDeploymentPostprocessing = 0;
		};
/* End PBXFrameworksBuildPhase section */

/* Begin PBXGroup section */
		80E37AE4238B363800B23015 /* Frameworks */ = {
			isa = PBXGroup;
			children = (
			);
			name = Frameworks;
			sourceTree = "<group>";
		};
		G_200F07A5089460B74376F524256D1717 /* Vendor */ = {
			isa = PBXGroup;
			children = (
				G_D7F407AC37F1BF1FD4141436C6E7AB8D /* WL */,
			);
			path = Vendor;
			sourceTree = "<group>";
		};
		G_83D1BA419B9D469613463A66AD02FCE4 /* Extensions */ = {
			isa = PBXGroup;
			children = (
				FR_A6A1184578009E1E15ABAD4946C0772D /* AudioComponentDescription.swift */,
			);
			path = Extensions;
			sourceTree = "<group>";
		};
		G_87D941BB6FA9E32D360F59BCD8807B73 /* Products */ = {
			isa = PBXGroup;
			children = (
				FR_6EBE5A61E1BDC89E6F19D02EC0592357 /* VST3NetSend.vst3 */,
				FR_D6F3D685F76402720A8F31BC1560FFAB /* VST3NetSendKit.framework */,
			);
			name = Products;
			sourceTree = "<group>";
		};
		G_8EC49D497A088E1AF5FFA2965D3A9A3B /* NetSendKit */ = {
			isa = PBXGroup;
			children = (
				FR_7D553552484BDD6561BE3620AF2A393B /* VST3NetSendKit.h */,
				FR_2C3EF0CE1DE13EFAEF0358E5CD1657F9 /* ConnectionFlagValueTransformer.swift */,
				FR_EFB546C11CD3CDE84C8C41FBA6307BFE /* ConnectionStatusValueTransformer.swift */,
				FR_115B0B1A5732DD6E432FEDED1EBCBC18 /* Logger.swift */,
				FR_D107980A09C2FE7C1795055E762B630D /* NetSendAU.swift */,
				FR_CAB1CAD80D8FF9958B756ECFC8DD3B48 /* NetSendParameter.swift */,
				FR_1F65684AD5B2FD6582DBAC63167CE51E /* NetSendProcessSetup.swift */,
				FR_FE807BF36CC3EE3373BBDBE5F9AEB16A /* NetSendView.swift */,
				FR_9D9A5150FBD02F2354C80486E8AE3085 /* NetSendViewController.swift */,
				FR_357DB998B193A256D41282566FF7E97C /* NetSendViewModel.swift */,
			);
			path = NetSendKit;
			sourceTree = "<group>";
		};
		G_C228AE1A051D46E6B3E88A73BE699023 /* Media */ = {
			isa = PBXGroup;
			children = (
				G_83D1BA419B9D469613463A66AD02FCE4 /* Extensions */,
				G_FCEB4A08D42523A42587843576923F10 /* Sources */,
			);
			path = Media;
			sourceTree = "<group>";
		};
		G_D64BFD95DF12254D7BA4FEB7C84C44B9 = {
			isa = PBXGroup;
			children = (
				80E37AE2238B35D000B23015 /* Dependencies */,
				G_FC812F6CFA74F83906FCE359CE9E7676 /* Configuration */,
				G_E34F395B442860C0BCBBE95C4545F08C /* Sources */,
				G_200F07A5089460B74376F524256D1717 /* Vendor */,
				G_87D941BB6FA9E32D360F59BCD8807B73 /* Products */,
				80E37AE4238B363800B23015 /* Frameworks */,
			);
			sourceTree = "<group>";
		};
		G_D7F407AC37F1BF1FD4141436C6E7AB8D /* WL */ = {
			isa = PBXGroup;
			children = (
				G_C228AE1A051D46E6B3E88A73BE699023 /* Media */,
			);
			path = WL;
			sourceTree = "<group>";
		};
		G_E34F395B442860C0BCBBE95C4545F08C /* Sources */ = {
			isa = PBXGroup;
			children = (
				G_8EC49D497A088E1AF5FFA2965D3A9A3B /* NetSendKit */,
				G_FDFA9B95A65757E96428A7D05D5BA933 /* VST */,
			);
			path = Sources;
			sourceTree = "<group>";
		};
		G_FC812F6CFA74F83906FCE359CE9E7676 /* Configuration */ = {
			isa = PBXGroup;
			children = (
				80E37AE9238B37A200B23015 /* Common.xcconfig */,
				80E37AEA238B37A200B23015 /* Framework-macOS.xcconfig */,
				FR_3A6F1770F2E3B515678435543C0C190C /* Project.xcconfig */,
				FR_77917ED78AB9C1C0BFA50D014E347FC3 /* Version.xcconfig */,
			);
			path = Configuration;
			sourceTree = "<group>";
		};
		G_FCEB4A08D42523A42587843576923F10 /* Sources */ = {
			isa = PBXGroup;
			children = (
				FR_82381BDDD7D944FCD0AD2F8293621155 /* AudioUnitSettings.swift */,
			);
			path = Sources;
			sourceTree = "<group>";
		};
		G_FDFA9B95A65757E96428A7D05D5BA933 /* VST */ = {
			isa = PBXGroup;
			children = (
				FR_2A7FC3BCFD86E2D33FC50EC57680EC88 /* NetSendController.cpp */,
				FR_DEF2BCB61DAD4F832FD7004CBC255E29 /* NetSendFactory.cpp */,
				FR_DE9941EE561986DAF833FEE54943B1F0 /* NetSendProcessorState.cpp */,
				FR_D029788E708BF27957B3DC81656DB49A /* VST3SDK.cpp */,
				FR_4892482E417FBA8FFAA7F2FA405815B5 /* NetSendController.h */,
				FR_00C3BCCE9285999BFB1DEB4A452D07FC /* NetSendParameters.h */,
				FR_DD53756926039DE07C6A6C7791964726 /* NetSendProcessor.h */,
				FR_D6E0A4AAA23B4465D1BC41C86D38B753 /* NetSendProcessorState.h */,
				FR_DFAC4BA8A9E0CA5612ECD02D123C1589 /* NetSendView.h */,
				FR_204A3161447D379F6E8B258C9BFD3210 /* Prefix.h */,
				FR_3F51906CE06544D3962A75E5BF82EB62 /* NetSendProcessor.mm */,
				FR_DDBBF3462E439F29BA94027ACC3864F6 /* NetSendView.mm */,
			);
			path = VST;
			sourceTree = "<group>";
		};
/* End PBXGroup section */

/* Begin PBXHeadersBuildPhase section */
		HBP_18336125B3953216E57570251C13995B /* Headers */ = {
			isa = PBXHeadersBuildPhase;
			buildActionMask = 2147483647;
			files = (
				BF_43B789B3204826AC0E49A1C10E3BF79D /* NetSendView.h in Headers */,
				BF_4B10735AF269C3973A613BA076606521 /* NetSendProcessorState.h in Headers */,
				BF_BBACCFB1A9175A95431B74BDC2BDDAF1 /* NetSendParameters.h in Headers */,
				BF_64B08D27E75112D9B506AB89BF217D7A /* NetSendProcessor.h in Headers */,
				BF_5D8E8EF1550F9B62F627D0CE2C03FDCF /* NetSendController.h in Headers */,
				BF_F223DADA1286607A13F92E453012C0EB /* Prefix.h in Headers */,
			);
			runOnlyForDeploymentPostprocessing = 0;
		};
		HBP_AC0BF97F90C6770E9B9A5DF946E2B05F /* Headers */ = {
			isa = PBXHeadersBuildPhase;
			buildActionMask = 2147483647;
			files = (
				BF_E400CE77FB21A6010F69DF1494B10348 /* VST3NetSendKit.h in Headers */,
			);
			runOnlyForDeploymentPostprocessing = 0;
		};
/* End PBXHeadersBuildPhase section */

/* Begin PBXNativeTarget section */
		NT_0A42EA35381E2A25F216A49C0655721F /* VST3NetSendKit-macOS */ = {
			isa = PBXNativeTarget;
			buildConfigurationList = CL_E9A2CE2AB38DA0697D8CFE8949CDF180 /* Build configuration list for PBXNativeTarget "VST3NetSendKit-macOS" */;
			buildPhases = (
				HBP_AC0BF97F90C6770E9B9A5DF946E2B05F /* Headers */,
				SBP_F20EB71CC4F0A1D612F138EA9D154DEF /* Sources */,
				80E37AE3238B363300B23015 /* Frameworks */,
			);
			buildRules = (
			);
			dependencies = (
			);
			name = "VST3NetSendKit-macOS";
			packageProductDependencies = (
				80E37AE5238B363800B23015 /* VST3NetSendShared */,
			);
			productName = VST3NetSendKit;
			productReference = FR_D6F3D685F76402720A8F31BC1560FFAB /* VST3NetSendKit.framework */;
			productType = "com.apple.product-type.framework";
		};
		NT_C9310A0048D3D97B871427277C807F3F /* VST3NetSend-macOS */ = {
			isa = PBXNativeTarget;
			buildConfigurationList = CL_AE0B3E66FE3747E81AD14C78173899AA /* Build configuration list for PBXNativeTarget "VST3NetSend-macOS" */;
			buildPhases = (
				HBP_18336125B3953216E57570251C13995B /* Headers */,
				SBP_D293B8A1DBBE9B1DA505078319ABC255 /* Sources */,
				FBP_414050459EA6E22F21CA3F2FBF037B37 /* Frameworks */,
			);
			buildRules = (
			);
			dependencies = (
				TD_5B45681A4A260B9C226494E6DF748529 /* PBXTargetDependency */,
			);
			name = "VST3NetSend-macOS";
			productName = VST3NetSend;
			productReference = FR_6EBE5A61E1BDC89E6F19D02EC0592357 /* VST3NetSend.vst3 */;
			productType = "com.apple.product-type.bundle";
		};
/* End PBXNativeTarget section */

/* Begin PBXProject section */
		P_4072110F23C6E8A277091112F37E579C /* Project object */ = {
			isa = PBXProject;
			attributes = {
				LastUpgradeCheck = 1020;
				ORGANIZATIONNAME = WaveLabs;
			};
			buildConfigurationList = CL_A619698699E0EB1F43D6A4FA95CA7B28 /* Build configuration list for PBXProject "VST3NetSend" */;
			compatibilityVersion = "Xcode 10.0";
			developmentRegion = en;
			hasScannedForEncodings = 0;
			knownRegions = (
				en,
				Base,
			);
			mainGroup = G_D64BFD95DF12254D7BA4FEB7C84C44B9;
			productRefGroup = G_87D941BB6FA9E32D360F59BCD8807B73 /* Products */;
			projectDirPath = "";
			projectRoot = "";
			targets = (
				NT_0A42EA35381E2A25F216A49C0655721F /* VST3NetSendKit-macOS */,
				NT_C9310A0048D3D97B871427277C807F3F /* VST3NetSend-macOS */,
			);
		};
/* End PBXProject section */

/* Begin PBXSourcesBuildPhase section */
		SBP_D293B8A1DBBE9B1DA505078319ABC255 /* Sources */ = {
			isa = PBXSourcesBuildPhase;
			buildActionMask = 2147483647;
			files = (
				BF_299DE7FBEFA25E0FEA9BCD3C09C9C197 /* VST3SDK.cpp in Sources */,
				BF_B67ADC457B044BBD68E681AADFD23D63 /* NetSendFactory.cpp in Sources */,
				BF_4C6B6D04B82E933C748BEE313D8F54B1 /* NetSendView.mm in Sources */,
				BF_570462520EE819E9DEB831B90906EF0D /* NetSendController.cpp in Sources */,
				BF_BF165BBBD4B0DD745E85180D92BEBCE9 /* NetSendProcessorState.cpp in Sources */,
				BF_A951B89D2CE781C5C66278A75820B9F2 /* NetSendProcessor.mm in Sources */,
			);
			runOnlyForDeploymentPostprocessing = 0;
		};
		SBP_F20EB71CC4F0A1D612F138EA9D154DEF /* Sources */ = {
			isa = PBXSourcesBuildPhase;
			buildActionMask = 2147483647;
			files = (
				BF_081F4CBF1005BC8AA3CA4CD23BABE643 /* NetSendView.swift in Sources */,
				BF_70BAA9C76FDD9B2C97C3CE21EA7FD9A2 /* Logger.swift in Sources */,
				BF_2FFD252E53D2FFA3446EC0E76779E0FC /* ConnectionStatusValueTransformer.swift in Sources */,
				BF_784D156AD5D780CE58F6BBB21A5F5B6A /* NetSendViewController.swift in Sources */,
				BF_74F63FEF33E2594AA0067B26AC483EC1 /* NetSendAU.swift in Sources */,
				BF_397586AFBBB996FDDFC49FE0FCB20901 /* NetSendViewModel.swift in Sources */,
				BF_23BD009028421075E93FD0F701E0745B /* NetSendProcessSetup.swift in Sources */,
				BF_A75194A5D64195F752EBE7F99378FA9C /* NetSendParameter.swift in Sources */,
				BF_4B57F2D859468836F1646D2BD0B13312 /* ConnectionFlagValueTransformer.swift in Sources */,
				BF_FBF09651FD28ADAB61D0E9892B2B7C70 /* AudioComponentDescription.swift in Sources */,
				BF_6BC9C76AC696C88CF74F662BCCF3A586 /* AudioUnitSettings.swift in Sources */,
			);
			runOnlyForDeploymentPostprocessing = 0;
		};
/* End PBXSourcesBuildPhase section */

/* Begin PBXTargetDependency section */
		TD_5B45681A4A260B9C226494E6DF748529 /* PBXTargetDependency */ = {
			isa = PBXTargetDependency;
			name = "VST3NetSendKit-macOS";
			target = NT_0A42EA35381E2A25F216A49C0655721F /* VST3NetSendKit-macOS */;
			targetProxy = CIP_346B2EFA20E2767104C6A1CD0D083600 /* PBXContainerItemProxy */;
		};
/* End PBXTargetDependency section */

/* Begin XCBuildConfiguration section */
		BC_4E9EC6E24F6C2F2BDB5E781E62329450 /* Debug */ = {
			isa = XCBuildConfiguration;
			baseConfigurationReference = FR_3A6F1770F2E3B515678435543C0C190C /* Project.xcconfig */;
			buildSettings = {
				MACOSX_DEPLOYMENT_TARGET = 10.11;
			};
			name = Debug;
		};
		BC_59698823E450A8D2865FAD61413F1B71 /* Debug */ = {
			isa = XCBuildConfiguration;
			baseConfigurationReference = 80E37AEA238B37A200B23015 /* Framework-macOS.xcconfig */;
			buildSettings = {
				ALWAYS_EMBED_SWIFT_STANDARD_LIBRARIES = YES;
				APPLICATION_EXTENSION_API_ONLY = YES;
				DEFINES_MODULE = YES;
				INFOPLIST_FILE = Sources/NetSendKit/Info.plist;
				LD_RUNPATH_SEARCH_PATHS = (
					"$(inherited)",
					"@executable_path/../Frameworks",
					"@loader_path/Frameworks",
				);
				OTHER_LDFLAGS = (
					"-framework",
					AudioToolbox,
				);
				PRODUCT_BUNDLE_IDENTIFIER = "ua.com.wavelabs.vst3.$(PRODUCT_NAME)";
				PRODUCT_NAME = VST3NetSendKit;
				SWIFT_INSTALL_OBJC_HEADER = YES;
			};
			name = Debug;
		};
		BC_6B7C93A68C7BDF2876FA19F6BA60C141 /* Release */ = {
			isa = XCBuildConfiguration;
			baseConfigurationReference = FR_3A6F1770F2E3B515678435543C0C190C /* Project.xcconfig */;
			buildSettings = {
				MACOSX_DEPLOYMENT_TARGET = 10.11;
			};
			name = Release;
		};
		BC_81A08789D145DA7B94E7A5C2E3531F8B /* Release */ = {
			isa = XCBuildConfiguration;
			baseConfigurationReference = 80E37AEA238B37A200B23015 /* Framework-macOS.xcconfig */;
			buildSettings = {
				ALWAYS_EMBED_SWIFT_STANDARD_LIBRARIES = YES;
				APPLICATION_EXTENSION_API_ONLY = YES;
				DEFINES_MODULE = YES;
				INFOPLIST_FILE = Sources/NetSendKit/Info.plist;
				LD_RUNPATH_SEARCH_PATHS = (
					"$(inherited)",
					"@executable_path/../Frameworks",
					"@loader_path/Frameworks",
				);
				OTHER_LDFLAGS = (
					"-framework",
					AudioToolbox,
				);
				PRODUCT_BUNDLE_IDENTIFIER = "ua.com.wavelabs.vst3.$(PRODUCT_NAME)";
				PRODUCT_NAME = VST3NetSendKit;
				SWIFT_INSTALL_OBJC_HEADER = YES;
			};
			name = Release;
		};
		BC_C5820EB5B4AB55728DA09A3CF6EFA638 /* Debug */ = {
			isa = XCBuildConfiguration;
			baseConfigurationReference = 80E37AEA238B37A200B23015 /* Framework-macOS.xcconfig */;
			buildSettings = {
				DEFINES_MODULE = YES;
				DEPLOYMENT_LOCATION = YES;
				DSTROOT = "$(HOME)";
				EXPORTED_SYMBOLS_FILE = "$(GV_VST_SDK)/public.sdk/source/main/macexport.exp";
				GCC_PREFIX_HEADER = Sources/VST/Prefix.h;
				GCC_PREPROCESSOR_DEFINITIONS_Debug = "DEVELOPMENT=1 $(inherited)";
				GCC_PREPROCESSOR_DEFINITIONS_Release = "RELEASE=1 NDEBUG=1 $(inherited)";
				GENERATE_PKGINFO_FILE = YES;
				INFOPLIST_FILE = Sources/VST/Info.plist;
				INSTALL_PATH = "/Library/Audio/Plug-Ins/VST3/WaveLabs";
				OTHER_LDFLAGS = (
					"-framework",
					AudioToolbox,
					"-framework",
					CoreAudio,
					"-framework",
					Cocoa,
					"-framework",
					AudioUnit,
				);
				PRODUCT_BUNDLE_IDENTIFIER = "ua.com.wavelabs.$(PRODUCT_NAME)";
				PRODUCT_NAME = VST3NetSend;
				SKIP_INSTALL = NO;
				WRAPPER_EXTENSION = vst3;
			};
			name = Debug;
		};
		BC_E0FC13E3E189D22D188AE22D487BD6F5 /* Release */ = {
			isa = XCBuildConfiguration;
			baseConfigurationReference = 80E37AEA238B37A200B23015 /* Framework-macOS.xcconfig */;
			buildSettings = {
				DEFINES_MODULE = YES;
				DEPLOYMENT_LOCATION = YES;
				DSTROOT = "$(HOME)";
				EXPORTED_SYMBOLS_FILE = "$(GV_VST_SDK)/public.sdk/source/main/macexport.exp";
				GCC_PREFIX_HEADER = Sources/VST/Prefix.h;
				GCC_PREPROCESSOR_DEFINITIONS_Debug = "DEVELOPMENT=1 $(inherited)";
				GCC_PREPROCESSOR_DEFINITIONS_Release = "RELEASE=1 NDEBUG=1 $(inherited)";
				GENERATE_PKGINFO_FILE = YES;
				INFOPLIST_FILE = Sources/VST/Info.plist;
				INSTALL_PATH = "/Library/Audio/Plug-Ins/VST3/WaveLabs";
				OTHER_LDFLAGS = (
					"-framework",
					AudioToolbox,
					"-framework",
					CoreAudio,
					"-framework",
					Cocoa,
					"-framework",
					AudioUnit,
				);
				PRODUCT_BUNDLE_IDENTIFIER = "ua.com.wavelabs.$(PRODUCT_NAME)";
				PRODUCT_NAME = VST3NetSend;
				SKIP_INSTALL = NO;
				WRAPPER_EXTENSION = vst3;
			};
			name = Release;
		};
/* End XCBuildConfiguration section */

/* Begin XCConfigurationList section */
		CL_A619698699E0EB1F43D6A4FA95CA7B28 /* Build configuration list for PBXProject "VST3NetSend" */ = {
			isa = XCConfigurationList;
			buildConfigurations = (
				BC_4E9EC6E24F6C2F2BDB5E781E62329450 /* Debug */,
				BC_6B7C93A68C7BDF2876FA19F6BA60C141 /* Release */,
			);
			defaultConfigurationIsVisible = 0;
			defaultConfigurationName = Release;
		};
		CL_AE0B3E66FE3747E81AD14C78173899AA /* Build configuration list for PBXNativeTarget "VST3NetSend-macOS" */ = {
			isa = XCConfigurationList;
			buildConfigurations = (
				BC_C5820EB5B4AB55728DA09A3CF6EFA638 /* Debug */,
				BC_E0FC13E3E189D22D188AE22D487BD6F5 /* Release */,
			);
			defaultConfigurationIsVisible = 0;
			defaultConfigurationName = Release;
		};
		CL_E9A2CE2AB38DA0697D8CFE8949CDF180 /* Build configuration list for PBXNativeTarget "VST3NetSendKit-macOS" */ = {
			isa = XCConfigurationList;
			buildConfigurations = (
				BC_59698823E450A8D2865FAD61413F1B71 /* Debug */,
				BC_81A08789D145DA7B94E7A5C2E3531F8B /* Release */,
			);
			defaultConfigurationIsVisible = 0;
			defaultConfigurationName = Release;
		};
/* End XCConfigurationList section */

/* Begin XCSwiftPackageProductDependency section */
		80E37AE5238B363800B23015 /* VST3NetSendShared */ = {
			isa = XCSwiftPackageProductDependency;
			productName = VST3NetSendShared;
		};
/* End XCSwiftPackageProductDependency section */
	};
	rootObject = P_4072110F23C6E8A277091112F37E579C /* Project object */;
}
