// !$*UTF8*$!
{
	archiveVersion = 1;
	classes = {
	};
	objectVersion = 46;
	objects = {

/* Begin PBXAggregateTarget section */
		539E35D37B4E4DE53924CBBA /* Autocorrect */ = {
			isa = PBXAggregateTarget;
			buildPhases = (
				3FF50218C969F6613A952ECE /* Run Script: Autocorrect */,
			);
			dependencies = (
			);
			name = Autocorrect;
		};
		7C90330C059CF8E76F176A03 /* Verify */ = {
			isa = PBXAggregateTarget;
			buildPhases = (
				E7CF0F901851FC0E91E7ADFF /* Run Script: Verify */,
			);
			dependencies = (
			);
			name = Verify;
		};
/* End PBXAggregateTarget section */

/* Begin PBXBuildFile section */
		05A9CAE95265101DCB772A99 /* VST3NetSendKit.h in Headers */ = {isa = PBXBuildFile; fileRef = 06DC64ACE996E0D68EC309AB /* VST3NetSendKit.h */; settings = {ATTRIBUTES = (Public, ); }; };
		0D8CD505275280DF04C999A4 /* RuntimeInfo.swift in Sources */ = {isa = PBXBuildFile; fileRef = 642AD3B12E03289CA418D7EE /* RuntimeInfo.swift */; };
		15478C8C17A7087DBE64120D /* Logger.swift in Sources */ = {isa = PBXBuildFile; fileRef = 88D175C4FCE499814FA2FD0B /* Logger.swift */; };
		1CB1CA8E5A0DB42EFD74DFAE /* NetSendView.h in Headers */ = {isa = PBXBuildFile; fileRef = 77A06E98B0096AF3F530C024 /* NetSendView.h */; };
		2DAF6A93231F0AC120162817 /* NetSendParameters.h in Headers */ = {isa = PBXBuildFile; fileRef = 2A87CCD9E46B22CABC71324C /* NetSendParameters.h */; };
		361ACDA01572016A81C39580 /* NetSendProcessSetup.swift in Sources */ = {isa = PBXBuildFile; fileRef = 9BB033516422FE2FE46623AB /* NetSendProcessSetup.swift */; };
		39C5C56CF68983D076863091 /* NetSendAU.swift in Sources */ = {isa = PBXBuildFile; fileRef = 63A35407100C29F99C4CC715 /* NetSendAU.swift */; };
		4484BEBCD10BFF96F4FD4D5B /* NetSendViewModel.swift in Sources */ = {isa = PBXBuildFile; fileRef = F99D1195CC185D00B04947E0 /* NetSendViewModel.swift */; };
		5036CAF4305E61B6EC1CD39B /* NetSendProcessor.mm in Sources */ = {isa = PBXBuildFile; fileRef = 8497C8A8FBD424C268FEE6BF /* NetSendProcessor.mm */; };
		5204D45A666D197B9B8C05B4 /* VST3NetSendKit.framework in Frameworks */ = {isa = PBXBuildFile; fileRef = 983D2DFFCED13DBE5B63706F /* VST3NetSendKit.framework */; };
		5934174EE0C7548F8BD6FD60 /* NetSendProcessor.h in Headers */ = {isa = PBXBuildFile; fileRef = 7F2640129A461138F89F9158 /* NetSendProcessor.h */; };
		5C4A32C4ED1EE8D43376DD7D /* VST3SDK.cpp in Sources */ = {isa = PBXBuildFile; fileRef = 8FF633774108E0820A486322 /* VST3SDK.cpp */; };
		68CD9793879B133DB5B89996 /* NetSendProcessorState.h in Headers */ = {isa = PBXBuildFile; fileRef = DF43D003AF9240A0821312CF /* NetSendProcessorState.h */; };
		6FD5DBF10C33B40F5A1399D2 /* ConnectionStatusValueTransformer.swift in Sources */ = {isa = PBXBuildFile; fileRef = F225DAAD2424C71B3266012D /* ConnectionStatusValueTransformer.swift */; };
		715A856D29F989469E600F44 /* Prefix.h in Headers */ = {isa = PBXBuildFile; fileRef = 17735786EDB6C28C9B9D1FA3 /* Prefix.h */; };
		8C907765FBB69A6472C18E81 /* NetSendView.mm in Sources */ = {isa = PBXBuildFile; fileRef = E2987C9881D614D3BE9D7A0F /* NetSendView.mm */; };
		98F88A1870F4D82FA1845157 /* VST3NetSendKit.framework in Embed Frameworks */ = {isa = PBXBuildFile; fileRef = 983D2DFFCED13DBE5B63706F /* VST3NetSendKit.framework */; settings = {ATTRIBUTES = (CodeSignOnCopy, ); }; };
		9F3BBCE598FFB1761DC6C536 /* NetSendView.swift in Sources */ = {isa = PBXBuildFile; fileRef = 611CAEBE541E7BF9C31C9403 /* NetSendView.swift */; };
		A3D92888E152D96122594A24 /* NetSendController.cpp in Sources */ = {isa = PBXBuildFile; fileRef = 79184E0B6290A5689FBF4E6C /* NetSendController.cpp */; };
		AB92B11E46128778381B9F4F /* NetSendParameter.swift in Sources */ = {isa = PBXBuildFile; fileRef = 79F64A5900E65044A21B7CF1 /* NetSendParameter.swift */; };
		B32E819084D2C9BA0DDB3703 /* NetSendController.h in Headers */ = {isa = PBXBuildFile; fileRef = 12DFCDB102EADA6C7B8FCDEC /* NetSendController.h */; };
		B42A186F17B281F4F85210BF /* ConnectionFlagValueTransformer.swift in Sources */ = {isa = PBXBuildFile; fileRef = 0F9A4C40E89BE30E64228CE4 /* ConnectionFlagValueTransformer.swift */; };
		B5ECDB7FBFB48B88B7E3816D /* NetSendViewController.swift in Sources */ = {isa = PBXBuildFile; fileRef = F9653596A632955232D64118 /* NetSendViewController.swift */; };
		BEE1C63BA9146BCE5254B097 /* NetSendFactory.cpp in Sources */ = {isa = PBXBuildFile; fileRef = 04FE7035C831709AF4DB5E26 /* NetSendFactory.cpp */; };
		C9AD36661AE52FD175FDD860 /* Log.swift in Sources */ = {isa = PBXBuildFile; fileRef = 8C1FAA37E0CCFE9D7ED9F3B1 /* Log.swift */; };
		D0D1EE30D4B7B919ECEC79A9 /* IntegerFormatter.swift in Sources */ = {isa = PBXBuildFile; fileRef = D96F6C533E054333BD2D2D41 /* IntegerFormatter.swift */; };
		D5FD5B65EF30CB09D9A54774 /* BuildInfo.swift in Sources */ = {isa = PBXBuildFile; fileRef = 194110FB54F2E94C5E10FE72 /* BuildInfo.swift */; };
		F29B352F01BBD6DA703BF581 /* AudioUnitSettings.swift in Sources */ = {isa = PBXBuildFile; fileRef = DC4AD7CB495A2E93AB1E45E7 /* AudioUnitSettings.swift */; };
		F84658153F251B89811F8B13 /* AudioComponentDescription.swift in Sources */ = {isa = PBXBuildFile; fileRef = EBAB3809692B02AFB5E113E8 /* AudioComponentDescription.swift */; };
		FA1302A5FEF09B003878E458 /* NetSendProcessorState.cpp in Sources */ = {isa = PBXBuildFile; fileRef = 01B7D0AD666190E1AEC10E90 /* NetSendProcessorState.cpp */; };
/* End PBXBuildFile section */

/* Begin PBXContainerItemProxy section */
		A7365B6C8C44A176BC198166 /* PBXContainerItemProxy */ = {
			isa = PBXContainerItemProxy;
			containerPortal = 56D4544F0C5D149C9ADA7818 /* Project object */;
			proxyType = 1;
			remoteGlobalIDString = C937DB8AA0C669369F0D3C32;
			remoteInfo = VST3NetSendKit;
		};
/* End PBXContainerItemProxy section */

/* Begin PBXCopyFilesBuildPhase section */
		1DD386BDF543ED8EA6DA46BD /* Embed Frameworks */ = {
			isa = PBXCopyFilesBuildPhase;
			buildActionMask = 2147483647;
			dstPath = "";
			dstSubfolderSpec = 10;
			files = (
				98F88A1870F4D82FA1845157 /* VST3NetSendKit.framework in Embed Frameworks */,
			);
			name = "Embed Frameworks";
			runOnlyForDeploymentPostprocessing = 0;
		};
/* End PBXCopyFilesBuildPhase section */

/* Begin PBXFileReference section */
		01B7D0AD666190E1AEC10E90 /* NetSendProcessorState.cpp */ = {isa = PBXFileReference; includeInIndex = 1; path = NetSendProcessorState.cpp; sourceTree = "<group>"; };
		04FE7035C831709AF4DB5E26 /* NetSendFactory.cpp */ = {isa = PBXFileReference; includeInIndex = 1; path = NetSendFactory.cpp; sourceTree = "<group>"; };
		06DC64ACE996E0D68EC309AB /* VST3NetSendKit.h */ = {isa = PBXFileReference; includeInIndex = 1; lastKnownFileType = sourcecode.c.h; path = VST3NetSendKit.h; sourceTree = "<group>"; };
		0F9A4C40E89BE30E64228CE4 /* ConnectionFlagValueTransformer.swift */ = {isa = PBXFileReference; includeInIndex = 1; lastKnownFileType = sourcecode.swift; path = ConnectionFlagValueTransformer.swift; sourceTree = "<group>"; };
		12DFCDB102EADA6C7B8FCDEC /* NetSendController.h */ = {isa = PBXFileReference; includeInIndex = 1; lastKnownFileType = sourcecode.c.h; path = NetSendController.h; sourceTree = "<group>"; };
		17735786EDB6C28C9B9D1FA3 /* Prefix.h */ = {isa = PBXFileReference; includeInIndex = 1; lastKnownFileType = sourcecode.c.h; path = Prefix.h; sourceTree = "<group>"; };
		194110FB54F2E94C5E10FE72 /* BuildInfo.swift */ = {isa = PBXFileReference; includeInIndex = 1; lastKnownFileType = sourcecode.swift; path = BuildInfo.swift; sourceTree = "<group>"; };
		2A87CCD9E46B22CABC71324C /* NetSendParameters.h */ = {isa = PBXFileReference; includeInIndex = 1; lastKnownFileType = sourcecode.c.h; path = NetSendParameters.h; sourceTree = "<group>"; };
		2C61443E0A2B017E148C955D /* Project.xcconfig */ = {isa = PBXFileReference; includeInIndex = 1; lastKnownFileType = text.xcconfig; path = Project.xcconfig; sourceTree = "<group>"; };
		5F753BA2C45EEF4D177244F7 /* VST3NetSend.bundle */ = {isa = PBXFileReference; explicitFileType = "wrapper.plug-in"; includeInIndex = 0; path = VST3NetSend.bundle; sourceTree = BUILT_PRODUCTS_DIR; };
		611CAEBE541E7BF9C31C9403 /* NetSendView.swift */ = {isa = PBXFileReference; includeInIndex = 1; lastKnownFileType = sourcecode.swift; path = NetSendView.swift; sourceTree = "<group>"; };
		63A35407100C29F99C4CC715 /* NetSendAU.swift */ = {isa = PBXFileReference; includeInIndex = 1; lastKnownFileType = sourcecode.swift; path = NetSendAU.swift; sourceTree = "<group>"; };
		642AD3B12E03289CA418D7EE /* RuntimeInfo.swift */ = {isa = PBXFileReference; includeInIndex = 1; lastKnownFileType = sourcecode.swift; path = RuntimeInfo.swift; sourceTree = "<group>"; };
		77A06E98B0096AF3F530C024 /* NetSendView.h */ = {isa = PBXFileReference; includeInIndex = 1; lastKnownFileType = sourcecode.c.h; path = NetSendView.h; sourceTree = "<group>"; };
		79184E0B6290A5689FBF4E6C /* NetSendController.cpp */ = {isa = PBXFileReference; includeInIndex = 1; path = NetSendController.cpp; sourceTree = "<group>"; };
		79F64A5900E65044A21B7CF1 /* NetSendParameter.swift */ = {isa = PBXFileReference; includeInIndex = 1; lastKnownFileType = sourcecode.swift; path = NetSendParameter.swift; sourceTree = "<group>"; };
		7F2640129A461138F89F9158 /* NetSendProcessor.h */ = {isa = PBXFileReference; includeInIndex = 1; lastKnownFileType = sourcecode.c.h; path = NetSendProcessor.h; sourceTree = "<group>"; };
		8497C8A8FBD424C268FEE6BF /* NetSendProcessor.mm */ = {isa = PBXFileReference; includeInIndex = 1; path = NetSendProcessor.mm; sourceTree = "<group>"; };
		88D175C4FCE499814FA2FD0B /* Logger.swift */ = {isa = PBXFileReference; includeInIndex = 1; lastKnownFileType = sourcecode.swift; path = Logger.swift; sourceTree = "<group>"; };
		8C1FAA37E0CCFE9D7ED9F3B1 /* Log.swift */ = {isa = PBXFileReference; includeInIndex = 1; lastKnownFileType = sourcecode.swift; path = Log.swift; sourceTree = "<group>"; };
		8FF633774108E0820A486322 /* VST3SDK.cpp */ = {isa = PBXFileReference; includeInIndex = 1; path = VST3SDK.cpp; sourceTree = "<group>"; };
		983D2DFFCED13DBE5B63706F /* VST3NetSendKit.framework */ = {isa = PBXFileReference; explicitFileType = wrapper.framework; includeInIndex = 0; path = VST3NetSendKit.framework; sourceTree = BUILT_PRODUCTS_DIR; };
		9BB033516422FE2FE46623AB /* NetSendProcessSetup.swift */ = {isa = PBXFileReference; includeInIndex = 1; lastKnownFileType = sourcecode.swift; path = NetSendProcessSetup.swift; sourceTree = "<group>"; };
		D96F6C533E054333BD2D2D41 /* IntegerFormatter.swift */ = {isa = PBXFileReference; includeInIndex = 1; lastKnownFileType = sourcecode.swift; path = IntegerFormatter.swift; sourceTree = "<group>"; };
		DC4AD7CB495A2E93AB1E45E7 /* AudioUnitSettings.swift */ = {isa = PBXFileReference; includeInIndex = 1; lastKnownFileType = sourcecode.swift; path = AudioUnitSettings.swift; sourceTree = "<group>"; };
		DF43D003AF9240A0821312CF /* NetSendProcessorState.h */ = {isa = PBXFileReference; includeInIndex = 1; lastKnownFileType = sourcecode.c.h; path = NetSendProcessorState.h; sourceTree = "<group>"; };
		E2987C9881D614D3BE9D7A0F /* NetSendView.mm */ = {isa = PBXFileReference; includeInIndex = 1; path = NetSendView.mm; sourceTree = "<group>"; };
		EBAB3809692B02AFB5E113E8 /* AudioComponentDescription.swift */ = {isa = PBXFileReference; includeInIndex = 1; lastKnownFileType = sourcecode.swift; path = AudioComponentDescription.swift; sourceTree = "<group>"; };
		F225DAAD2424C71B3266012D /* ConnectionStatusValueTransformer.swift */ = {isa = PBXFileReference; includeInIndex = 1; lastKnownFileType = sourcecode.swift; path = ConnectionStatusValueTransformer.swift; sourceTree = "<group>"; };
		F5FC1C3C5F4576510CFA9498 /* Framework-macOS.xcconfig */ = {isa = PBXFileReference; includeInIndex = 1; lastKnownFileType = text.xcconfig; path = "Framework-macOS.xcconfig"; sourceTree = "<group>"; };
		F9653596A632955232D64118 /* NetSendViewController.swift */ = {isa = PBXFileReference; includeInIndex = 1; lastKnownFileType = sourcecode.swift; path = NetSendViewController.swift; sourceTree = "<group>"; };
		F99D1195CC185D00B04947E0 /* NetSendViewModel.swift */ = {isa = PBXFileReference; includeInIndex = 1; lastKnownFileType = sourcecode.swift; path = NetSendViewModel.swift; sourceTree = "<group>"; };
/* End PBXFileReference section */

/* Begin PBXFrameworksBuildPhase section */
		DA1AC6E9F33C0FAC5640D978 /* Frameworks */ = {
			isa = PBXFrameworksBuildPhase;
			buildActionMask = 2147483647;
			files = (
				5204D45A666D197B9B8C05B4 /* VST3NetSendKit.framework in Frameworks */,
			);
			runOnlyForDeploymentPostprocessing = 0;
		};
/* End PBXFrameworksBuildPhase section */

/* Begin PBXGroup section */
		0ACBEEFEBAD33224ACFDD3E6 /* Sources */ = {
			isa = PBXGroup;
			children = (
				DC4AD7CB495A2E93AB1E45E7 /* AudioUnitSettings.swift */,
			);
			name = Sources;
			path = Sources;
			sourceTree = "<group>";
		};
		10DB5C5B11DBEFCB7C9B8A8F /* NetSendKit */ = {
			isa = PBXGroup;
			children = (
				06DC64ACE996E0D68EC309AB /* VST3NetSendKit.h */,
				0F9A4C40E89BE30E64228CE4 /* ConnectionFlagValueTransformer.swift */,
				F225DAAD2424C71B3266012D /* ConnectionStatusValueTransformer.swift */,
				88D175C4FCE499814FA2FD0B /* Logger.swift */,
				63A35407100C29F99C4CC715 /* NetSendAU.swift */,
				79F64A5900E65044A21B7CF1 /* NetSendParameter.swift */,
				9BB033516422FE2FE46623AB /* NetSendProcessSetup.swift */,
				611CAEBE541E7BF9C31C9403 /* NetSendView.swift */,
				F9653596A632955232D64118 /* NetSendViewController.swift */,
				F99D1195CC185D00B04947E0 /* NetSendViewModel.swift */,
			);
			name = NetSendKit;
			path = NetSendKit;
			sourceTree = "<group>";
		};
		1F267A584BD661FB09A4E002 = {
			isa = PBXGroup;
			children = (
				C501F553AC89D254C8D3F4F7 /* Configuration */,
				8E62DB8C76B2A804043141C8 /* Products */,
				C191E52FFB8CC306C512DCC9 /* Sources */,
				CB6A2EC91B8F7522DCD415F7 /* Vendor */,
				CB6A2EC91B8F7522DCD415F7 /* Vendor */,
				8E62DB8C76B2A804043141C8 /* Products */,
			);
			sourceTree = "<group>";
		};
		1FB3AF2E35E18046A82CEC6F /* Sources */ = {
			isa = PBXGroup;
			children = (
				194110FB54F2E94C5E10FE72 /* BuildInfo.swift */,
				642AD3B12E03289CA418D7EE /* RuntimeInfo.swift */,
			);
			name = Sources;
			path = Sources;
			sourceTree = "<group>";
		};
		21E213BB15EDEA9DA6425C4A /* Configuration */ = {
			isa = PBXGroup;
			children = (
				F5FC1C3C5F4576510CFA9498 /* Framework-macOS.xcconfig */,
			);
			name = Configuration;
			path = Configuration;
			sourceTree = "<group>";
		};
		2BF8FBB2D3E279F2370CA5BC /* Foundation */ = {
			isa = PBXGroup;
			children = (
				1FB3AF2E35E18046A82CEC6F /* Sources */,
				A0470EB059559E78C910A01C /* os */,
			);
			name = Foundation;
			path = Foundation;
			sourceTree = "<group>";
		};
		7DC1846DDFF4A36FCF4EDFBE /* Extensions */ = {
			isa = PBXGroup;
			children = (
				EBAB3809692B02AFB5E113E8 /* AudioComponentDescription.swift */,
			);
			name = Extensions;
			path = Extensions;
			sourceTree = "<group>";
		};
		8721B3B5B2C7DED0B8C45550 /* log */ = {
			isa = PBXGroup;
			children = (
				8C1FAA37E0CCFE9D7ED9F3B1 /* Log.swift */,
			);
			name = log;
			path = log;
			sourceTree = "<group>";
		};
		8E62DB8C76B2A804043141C8 /* Products */ = {
			isa = PBXGroup;
			children = (
				5F753BA2C45EEF4D177244F7 /* VST3NetSend.bundle */,
				983D2DFFCED13DBE5B63706F /* VST3NetSendKit.framework */,
			);
			name = Products;
			sourceTree = "<group>";
		};
		9A7DA1BE126A54806536E74A /* Core */ = {
			isa = PBXGroup;
			children = (
				DB950F5C3FFBA50ABC33B23A /* Formatters */,
			);
			name = Core;
			path = Core;
			sourceTree = "<group>";
		};
		A0470EB059559E78C910A01C /* os */ = {
			isa = PBXGroup;
			children = (
				8721B3B5B2C7DED0B8C45550 /* log */,
			);
			name = os;
			path = os;
			sourceTree = "<group>";
		};
		A83A1EE1281C9F4A467FD203 /* VST */ = {
			isa = PBXGroup;
			children = (
				79184E0B6290A5689FBF4E6C /* NetSendController.cpp */,
				04FE7035C831709AF4DB5E26 /* NetSendFactory.cpp */,
				01B7D0AD666190E1AEC10E90 /* NetSendProcessorState.cpp */,
				8FF633774108E0820A486322 /* VST3SDK.cpp */,
				12DFCDB102EADA6C7B8FCDEC /* NetSendController.h */,
				2A87CCD9E46B22CABC71324C /* NetSendParameters.h */,
				7F2640129A461138F89F9158 /* NetSendProcessor.h */,
				DF43D003AF9240A0821312CF /* NetSendProcessorState.h */,
				77A06E98B0096AF3F530C024 /* NetSendView.h */,
				17735786EDB6C28C9B9D1FA3 /* Prefix.h */,
				8497C8A8FBD424C268FEE6BF /* NetSendProcessor.mm */,
				E2987C9881D614D3BE9D7A0F /* NetSendView.mm */,
			);
			name = VST;
			path = VST;
			sourceTree = "<group>";
		};
		BD7E3ECD4A9D5016500FC0EC /* Shared */ = {
			isa = PBXGroup;
			children = (
				21E213BB15EDEA9DA6425C4A /* Configuration */,
			);
			name = Shared;
			path = Shared;
			sourceTree = "<group>";
		};
		C191E52FFB8CC306C512DCC9 /* Sources */ = {
			isa = PBXGroup;
			children = (
				10DB5C5B11DBEFCB7C9B8A8F /* NetSendKit */,
				A83A1EE1281C9F4A467FD203 /* VST */,
			);
			name = Sources;
			path = Sources;
			sourceTree = "<group>";
		};
		C501F553AC89D254C8D3F4F7 /* Configuration */ = {
			isa = PBXGroup;
			children = (
				2C61443E0A2B017E148C955D /* Project.xcconfig */,
			);
			name = Configuration;
			path = Configuration;
			sourceTree = "<group>";
		};
		CB6A2EC91B8F7522DCD415F7 /* Vendor */ = {
			isa = PBXGroup;
			children = (
				E14D4B24D27CE09C9228BB5A /* WL */,
			);
			name = Vendor;
			path = Vendor;
			sourceTree = "<group>";
		};
		D9916D5C8773EAE9E3843494 /* Media */ = {
			isa = PBXGroup;
			children = (
				7DC1846DDFF4A36FCF4EDFBE /* Extensions */,
				0ACBEEFEBAD33224ACFDD3E6 /* Sources */,
			);
			name = Media;
			path = Media;
			sourceTree = "<group>";
		};
		DB950F5C3FFBA50ABC33B23A /* Formatters */ = {
			isa = PBXGroup;
			children = (
				D96F6C533E054333BD2D2D41 /* IntegerFormatter.swift */,
			);
			name = Formatters;
			path = Formatters;
			sourceTree = "<group>";
		};
		E14D4B24D27CE09C9228BB5A /* WL */ = {
			isa = PBXGroup;
			children = (
				9A7DA1BE126A54806536E74A /* Core */,
				2BF8FBB2D3E279F2370CA5BC /* Foundation */,
				D9916D5C8773EAE9E3843494 /* Media */,
				BD7E3ECD4A9D5016500FC0EC /* Shared */,
			);
			name = WL;
			path = ../../../../../Developer/Projects/WL;
			sourceTree = "<group>";
		};
/* End PBXGroup section */

/* Begin PBXHeadersBuildPhase section */
		1315C5052CCC40164C0CBED1 /* Headers */ = {
			isa = PBXHeadersBuildPhase;
			buildActionMask = 2147483647;
			files = (
				1CB1CA8E5A0DB42EFD74DFAE /* NetSendView.h in Headers */,
				68CD9793879B133DB5B89996 /* NetSendProcessorState.h in Headers */,
				2DAF6A93231F0AC120162817 /* NetSendParameters.h in Headers */,
				5934174EE0C7548F8BD6FD60 /* NetSendProcessor.h in Headers */,
				B32E819084D2C9BA0DDB3703 /* NetSendController.h in Headers */,
				715A856D29F989469E600F44 /* Prefix.h in Headers */,
			);
			runOnlyForDeploymentPostprocessing = 0;
		};
		E9F5DDF5FA50F01AAC2889FD /* Headers */ = {
			isa = PBXHeadersBuildPhase;
			buildActionMask = 2147483647;
			files = (
				05A9CAE95265101DCB772A99 /* VST3NetSendKit.h in Headers */,
			);
			runOnlyForDeploymentPostprocessing = 0;
		};
/* End PBXHeadersBuildPhase section */

/* Begin PBXNativeTarget section */
		C937DB8AA0C669369F0D3C32 /* VST3NetSendKit */ = {
			isa = PBXNativeTarget;
			buildConfigurationList = 3B78EE424A4FA2C4914B7D12 /* Build configuration list for PBXNativeTarget "VST3NetSendKit" */;
			buildPhases = (
				EA5F54BA62D83C465167FE56 /* Run Script: Verify */,
				E9F5DDF5FA50F01AAC2889FD /* Headers */,
				A6206AC26007812C704FD654 /* Sources */,
			);
			buildRules = (
			);
			dependencies = (
			);
			name = VST3NetSendKit;
			productName = VST3NetSendKit;
			productReference = 983D2DFFCED13DBE5B63706F /* VST3NetSendKit.framework */;
			productType = "com.apple.product-type.framework";
		};
		E782E5254637D627CE875A01 /* VST3NetSend */ = {
			isa = PBXNativeTarget;
			buildConfigurationList = 386F45F93885E2BE4701A8E2 /* Build configuration list for PBXNativeTarget "VST3NetSend" */;
			buildPhases = (
				C240623F2F7866CCB8FD0BCB /* Run Script: Verify */,
				B18134DBEB2DC32D79D97196 /* Sources */,
				DA1AC6E9F33C0FAC5640D978 /* Frameworks */,
				1315C5052CCC40164C0CBED1 /* Headers */,
				1DD386BDF543ED8EA6DA46BD /* Embed Frameworks */,
			);
			buildRules = (
			);
			dependencies = (
				33E5E8A2FFFC6338E471FD98 /* PBXTargetDependency */,
			);
			name = VST3NetSend;
			productName = VST3NetSend;
			productReference = 5F753BA2C45EEF4D177244F7 /* VST3NetSend.bundle */;
			productType = "com.apple.product-type.bundle";
		};
/* End PBXNativeTarget section */

/* Begin PBXProject section */
		56D4544F0C5D149C9ADA7818 /* Project object */ = {
			isa = PBXProject;
			attributes = {
				LastSwiftUpdateCheck = 0930;
				LastUpgradeCheck = 1000;
				ORGANIZATIONNAME = WaveLabs;
			};
			buildConfigurationList = 7C65A5BC2FEDCBC823344274 /* Build configuration list for PBXProject "VST3NetSend" */;
			compatibilityVersion = "Xcode 3.2";
			developmentRegion = English;
			hasScannedForEncodings = 0;
			knownRegions = (
				en,
			);
			mainGroup = 1F267A584BD661FB09A4E002;
			productRefGroup = 8E62DB8C76B2A804043141C8 /* Products */;
			projectDirPath = "";
			projectRoot = "";
			targets = (
				C937DB8AA0C669369F0D3C32 /* VST3NetSendKit */,
				E782E5254637D627CE875A01 /* VST3NetSend */,
				7C90330C059CF8E76F176A03 /* Verify */,
				539E35D37B4E4DE53924CBBA /* Autocorrect */,
			);
		};
/* End PBXProject section */

/* Begin PBXShellScriptBuildPhase section */
		3FF50218C969F6613A952ECE /* Run Script: Autocorrect */ = {
			isa = PBXShellScriptBuildPhase;
			buildActionMask = 2147483647;
			files = (
			);
			inputFileListPaths = (
			);
			inputPaths = (
			);
			name = "Run Script: Autocorrect";
			outputFileListPaths = (
			);
			outputPaths = (
			);
			runOnlyForDeploymentPostprocessing = 0;
			shellPath = /bin/bash;
			shellScript = "[[ -r ~/.bashrc ]] && . ~/.bashrc\nruby -r \"$SRCROOT/Project.rb\" -e \"Project.new('$SRCROOT').autocorrect()\"";
			showEnvVarsInLog = 1;
		};
		C240623F2F7866CCB8FD0BCB /* Run Script: Verify */ = {
			isa = PBXShellScriptBuildPhase;
			buildActionMask = 2147483647;
			files = (
			);
			inputFileListPaths = (
			);
			inputPaths = (
			);
			name = "Run Script: Verify";
			outputFileListPaths = (
			);
			outputPaths = (
			);
			runOnlyForDeploymentPostprocessing = 0;
			shellPath = /bin/bash;
			shellScript = "[[ -r ~/.bashrc ]] && . ~/.bashrc\nruby -r \"$SRCROOT/Project.rb\" -e \"Project.new('$SRCROOT').verify('Sources/VST')\"";
			showEnvVarsInLog = 1;
		};
		E7CF0F901851FC0E91E7ADFF /* Run Script: Verify */ = {
			isa = PBXShellScriptBuildPhase;
			buildActionMask = 2147483647;
			files = (
			);
			inputFileListPaths = (
			);
			inputPaths = (
			);
			name = "Run Script: Verify";
			outputFileListPaths = (
			);
			outputPaths = (
			);
			runOnlyForDeploymentPostprocessing = 0;
			shellPath = /bin/bash;
			shellScript = "[[ -r ~/.bashrc ]] && . ~/.bashrc\nruby -r \"$SRCROOT/Project.rb\" -e \"Project.new('$SRCROOT').verify()\"";
			showEnvVarsInLog = 1;
		};
		EA5F54BA62D83C465167FE56 /* Run Script: Verify */ = {
			isa = PBXShellScriptBuildPhase;
			buildActionMask = 2147483647;
			files = (
			);
			inputFileListPaths = (
			);
			inputPaths = (
			);
			name = "Run Script: Verify";
			outputFileListPaths = (
			);
			outputPaths = (
			);
			runOnlyForDeploymentPostprocessing = 0;
			shellPath = /bin/bash;
			shellScript = "[[ -r ~/.bashrc ]] && . ~/.bashrc\nruby -r \"$SRCROOT/Project.rb\" -e \"Project.new('$SRCROOT').verify('Sources/NetSendKit')\"";
			showEnvVarsInLog = 1;
		};
/* End PBXShellScriptBuildPhase section */

/* Begin PBXSourcesBuildPhase section */
		A6206AC26007812C704FD654 /* Sources */ = {
			isa = PBXSourcesBuildPhase;
			buildActionMask = 2147483647;
			files = (
				9F3BBCE598FFB1761DC6C536 /* NetSendView.swift in Sources */,
				15478C8C17A7087DBE64120D /* Logger.swift in Sources */,
				6FD5DBF10C33B40F5A1399D2 /* ConnectionStatusValueTransformer.swift in Sources */,
				B5ECDB7FBFB48B88B7E3816D /* NetSendViewController.swift in Sources */,
				39C5C56CF68983D076863091 /* NetSendAU.swift in Sources */,
				4484BEBCD10BFF96F4FD4D5B /* NetSendViewModel.swift in Sources */,
				361ACDA01572016A81C39580 /* NetSendProcessSetup.swift in Sources */,
				AB92B11E46128778381B9F4F /* NetSendParameter.swift in Sources */,
				B42A186F17B281F4F85210BF /* ConnectionFlagValueTransformer.swift in Sources */,
				D0D1EE30D4B7B919ECEC79A9 /* IntegerFormatter.swift in Sources */,
				C9AD36661AE52FD175FDD860 /* Log.swift in Sources */,
				D5FD5B65EF30CB09D9A54774 /* BuildInfo.swift in Sources */,
				0D8CD505275280DF04C999A4 /* RuntimeInfo.swift in Sources */,
				F84658153F251B89811F8B13 /* AudioComponentDescription.swift in Sources */,
				F29B352F01BBD6DA703BF581 /* AudioUnitSettings.swift in Sources */,
			);
			runOnlyForDeploymentPostprocessing = 0;
		};
		B18134DBEB2DC32D79D97196 /* Sources */ = {
			isa = PBXSourcesBuildPhase;
			buildActionMask = 2147483647;
			files = (
				5C4A32C4ED1EE8D43376DD7D /* VST3SDK.cpp in Sources */,
				BEE1C63BA9146BCE5254B097 /* NetSendFactory.cpp in Sources */,
				A3D92888E152D96122594A24 /* NetSendController.cpp in Sources */,
				FA1302A5FEF09B003878E458 /* NetSendProcessorState.cpp in Sources */,
				8C907765FBB69A6472C18E81 /* NetSendView.mm in Sources */,
				5036CAF4305E61B6EC1CD39B /* NetSendProcessor.mm in Sources */,
			);
			runOnlyForDeploymentPostprocessing = 0;
		};
/* End PBXSourcesBuildPhase section */

/* Begin PBXTargetDependency section */
		33E5E8A2FFFC6338E471FD98 /* PBXTargetDependency */ = {
			isa = PBXTargetDependency;
			name = VST3NetSendKit;
			target = C937DB8AA0C669369F0D3C32 /* VST3NetSendKit */;
			targetProxy = A7365B6C8C44A176BC198166 /* PBXContainerItemProxy */;
		};
/* End PBXTargetDependency section */

/* Begin XCBuildConfiguration section */
		323EDB002A6A5773F7AF556A /* Debug */ = {
			isa = XCBuildConfiguration;
			baseConfigurationReference = 2C61443E0A2B017E148C955D /* Project.xcconfig */;
			buildSettings = {
			};
			name = Debug;
		};
		33047580C94196B8FC5D6565 /* Debug */ = {
			isa = XCBuildConfiguration;
			baseConfigurationReference = F5FC1C3C5F4576510CFA9498 /* Framework-macOS.xcconfig */;
			buildSettings = {
				ALWAYS_EMBED_SWIFT_STANDARD_LIBRARIES = YES;
				APPLICATION_EXTENSION_API_ONLY = YES;
				DEFINES_MODULE = YES;
				INFOPLIST_FILE = Sources/NetSendKit/Info.plist;
				LD_RUNPATH_SEARCH_PATHS = "$(inherited) @executable_path/../Frameworks @loader_path/Frameworks";
				MACOSX_DEPLOYMENT_TARGET = 10.11;
				OTHER_LDFLAGS = (
					"-framework",
					AudioToolbox,
				);
				PRODUCT_BUNDLE_IDENTIFIER = "ua.com.wavelabs.vst3.$(PRODUCT_NAME)";
				PRODUCT_NAME = VST3NetSendKit;
				SWIFT_INSTALL_OBJC_HEADER = YES;
			};
			name = Debug;
		};
		3ED1A12D7DED26C07A850D7E /* Release */ = {
			isa = XCBuildConfiguration;
			baseConfigurationReference = F5FC1C3C5F4576510CFA9498 /* Framework-macOS.xcconfig */;
			buildSettings = {
				ALWAYS_EMBED_SWIFT_STANDARD_LIBRARIES = YES;
				APPLICATION_EXTENSION_API_ONLY = YES;
				DEFINES_MODULE = YES;
				INFOPLIST_FILE = Sources/NetSendKit/Info.plist;
				LD_RUNPATH_SEARCH_PATHS = "$(inherited) @executable_path/../Frameworks @loader_path/Frameworks";
				MACOSX_DEPLOYMENT_TARGET = 10.11;
				OTHER_LDFLAGS = (
					"-framework",
					AudioToolbox,
				);
				PRODUCT_BUNDLE_IDENTIFIER = "ua.com.wavelabs.vst3.$(PRODUCT_NAME)";
				PRODUCT_NAME = VST3NetSendKit;
				SWIFT_INSTALL_OBJC_HEADER = YES;
			};
			name = Release;
		};
		8D154A84D0C2531A0B141C07 /* Release */ = {
			isa = XCBuildConfiguration;
			baseConfigurationReference = F5FC1C3C5F4576510CFA9498 /* Framework-macOS.xcconfig */;
			buildSettings = {
				DEPLOYMENT_LOCATION = YES;
				DSTROOT = "$(HOME)";
				EXPORTED_SYMBOLS_FILE = "$(GV_VST_SDK)/public.sdk/source/main/macexport.exp";
				GCC_PREFIX_HEADER = Sources/VST/Prefix.h;
				GCC_PREPROCESSOR_DEFINITIONS_Debug = "DEVELOPMENT=1 $(inherited)";
				GCC_PREPROCESSOR_DEFINITIONS_Release = "RELEASE=1 NDEBUG=1 $(inherited)";
				GENERATE_PKGINFO_FILE = YES;
				INFOPLIST_FILE = Sources/VST/Info.plist;
				INSTALL_PATH = "/Library/Audio/Plug-Ins/VST3/WaveLabs";
				MACOSX_DEPLOYMENT_TARGET = 10.11;
				OTHER_LDFLAGS = (
					"-framework",
					AudioToolbox,
					"-framework",
					CoreAudio,
					"-framework",
					Cocoa,
					"-framework",
					AudioUnit,
				);
				PRODUCT_BUNDLE_IDENTIFIER = "ua.com.wavelabs.$(PRODUCT_NAME)";
				PRODUCT_NAME = VST3NetSend;
				SKIP_INSTALL = NO;
				WRAPPER_EXTENSION = vst3;
			};
			name = Release;
		};
		B80529C4D4E37977A3C36B99 /* Debug */ = {
			isa = XCBuildConfiguration;
			baseConfigurationReference = F5FC1C3C5F4576510CFA9498 /* Framework-macOS.xcconfig */;
			buildSettings = {
				DEPLOYMENT_LOCATION = YES;
				DSTROOT = "$(HOME)";
				EXPORTED_SYMBOLS_FILE = "$(GV_VST_SDK)/public.sdk/source/main/macexport.exp";
				GCC_PREFIX_HEADER = Sources/VST/Prefix.h;
				GCC_PREPROCESSOR_DEFINITIONS_Debug = "DEVELOPMENT=1 $(inherited)";
				GCC_PREPROCESSOR_DEFINITIONS_Release = "RELEASE=1 NDEBUG=1 $(inherited)";
				GENERATE_PKGINFO_FILE = YES;
				INFOPLIST_FILE = Sources/VST/Info.plist;
				INSTALL_PATH = "/Library/Audio/Plug-Ins/VST3/WaveLabs";
				MACOSX_DEPLOYMENT_TARGET = 10.11;
				OTHER_LDFLAGS = (
					"-framework",
					AudioToolbox,
					"-framework",
					CoreAudio,
					"-framework",
					Cocoa,
					"-framework",
					AudioUnit,
				);
				PRODUCT_BUNDLE_IDENTIFIER = "ua.com.wavelabs.$(PRODUCT_NAME)";
				PRODUCT_NAME = VST3NetSend;
				SKIP_INSTALL = NO;
				WRAPPER_EXTENSION = vst3;
			};
			name = Debug;
		};
		CB75AC09FA648300529E74B7 /* Release */ = {
			isa = XCBuildConfiguration;
			baseConfigurationReference = 2C61443E0A2B017E148C955D /* Project.xcconfig */;
			buildSettings = {
			};
			name = Release;
		};
/* End XCBuildConfiguration section */

/* Begin XCConfigurationList section */
		386F45F93885E2BE4701A8E2 /* Build configuration list for PBXNativeTarget "VST3NetSend" */ = {
			isa = XCConfigurationList;
			buildConfigurations = (
				8D154A84D0C2531A0B141C07 /* Release */,
				B80529C4D4E37977A3C36B99 /* Debug */,
			);
			defaultConfigurationIsVisible = 0;
			defaultConfigurationName = Release;
		};
		3B78EE424A4FA2C4914B7D12 /* Build configuration list for PBXNativeTarget "VST3NetSendKit" */ = {
			isa = XCConfigurationList;
			buildConfigurations = (
				3ED1A12D7DED26C07A850D7E /* Release */,
				33047580C94196B8FC5D6565 /* Debug */,
			);
			defaultConfigurationIsVisible = 0;
			defaultConfigurationName = Release;
		};
		7C65A5BC2FEDCBC823344274 /* Build configuration list for PBXProject "VST3NetSend" */ = {
			isa = XCConfigurationList;
			buildConfigurations = (
				323EDB002A6A5773F7AF556A /* Debug */,
				CB75AC09FA648300529E74B7 /* Release */,
			);
			defaultConfigurationIsVisible = 0;
			defaultConfigurationName = Release;
		};
/* End XCConfigurationList section */
	};
	rootObject = 56D4544F0C5D149C9ADA7818 /* Project object */;
}
